
Microsoft Visual Studio Solution File, Format Version 12.00
# Visual Studio Version 17
VisualStudioVersion = 17.8.34601.278
MinimumVisualStudioVersion = 10.0.40219.1
Project("{8BC9CEB8-8B4A-11D0-8D11-00A0C91BC942}") = "example-01-01", "example-01-01\example-01-01.vcxproj", "{A7EFCF5F-758E-4099-B995-D35C04868680}"
EndProject
Project("{8BC9CEB8-8B4A-11D0-8D11-00A0C91BC942}") = "example-01-02", "example-01-02\example-01-02.vcxproj", "{E0EA0B8F-1227-407E-A2A4-B2E708E4B836}"
EndProject
Project("{8BC9CEB8-8B4A-11D0-8D11-00A0C91BC942}") = "example-01-03", "example-01-03\example-01-03.vcxproj", "{A2A889A7-F8A2-427A-994A-6D504C270306}"
EndProject
Project("{8BC9CEB8-8B4A-11D0-8D11-00A0C91BC942}") = "example-01-04", "example-01-04\example-01-04.vcxproj", "{BB5300B0-1420-4C7D-A383-A60AEF39F264}"
EndProject
Project("{8BC9CEB8-8B4A-11D0-8D11-00A0C91BC942}") = "example-01-05", "example-01-05\example-01-05.vcxproj", "{08D861B1-593B-4F96-AEC8-508D483B7BFB}"
EndProject
Project("{8BC9CEB8-8B4A-11D0-8D11-00A0C91BC942}") = "example-01-06", "example-01-06\example-01-06.vcxproj", "{A0CDC436-B3A6-4F3E-A00D-6DA4EC0DE764}"
EndProject
Project("{8BC9CEB8-8B4A-11D0-8D11-00A0C91BC942}") = "example-01-07", "example-01-07\example-01-07.vcxproj", "{434E8615-4C35-41A4-AD68-118BF20AA743}"
EndProject
Project("{8BC9CEB8-8B4A-11D0-8D11-00A0C91BC942}") = "example-01-08", "example-01-08\example-01-08.vcxproj", "{7E158DD7-5ACC-4758-A556-85E97F1ADDEE}"
EndProject
Project("{8BC9CEB8-8B4A-11D0-8D11-00A0C91BC942}") = "example-01-09", "example-01-09\example-01-09.vcxproj", "{D1685EF2-C215-4F61-AEA4-090A34F7EF7B}"
EndProject
Project("{8BC9CEB8-8B4A-11D0-8D11-00A0C91BC942}") = "example-01-10", "example-01-10\example-01-10.vcxproj", "{DD8B103A-5583-452E-9DA8-C858537AEE1C}"
EndProject
Project("{8BC9CEB8-8B4A-11D0-8D11-00A0C91BC942}") = "example-01-11", "example-01-11\example-01-11.vcxproj", "{7F125082-82C3-49F6-BCD2-B358B7324A2F}"
EndProject
Project("{8BC9CEB8-8B4A-11D0-8D11-00A0C91BC942}") = "example-01-12", "example-01-12\example-01-12.vcxproj", "{12A0F647-A111-4055-947C-867FDBB88248}"
EndProject
Project("{8BC9CEB8-8B4A-11D0-8D11-00A0C91BC942}") = "example-01-13", "example-01-13\example-01-13.vcxproj", "{3FE36765-D3F4-4D37-8637-33B16D64ABF8}"
EndProject
Project("{8BC9CEB8-8B4A-11D0-8D11-00A0C91BC942}") = "example-01-14", "example-01-14\example-01-14.vcxproj", "{9CE80AEC-CD55-482E-87AD-C19AA5F44077}"
EndProject
Project("{8BC9CEB8-8B4A-11D0-8D11-00A0C91BC942}") = "example-01-15", "example-01-15\example-01-15.vcxproj", "{E5BD5B99-82C4-4483-A7AD-CCBB59967DE4}"
EndProject
Project("{8BC9CEB8-8B4A-11D0-8D11-00A0C91BC942}") = "example-01-16", "example-01-16\example-01-16.vcxproj", "{57E99EE9-D76E-4481-9BAE-3D794F20389C}"
EndProject
Project("{8BC9CEB8-8B4A-11D0-8D11-00A0C91BC942}") = "example-01-17", "example-01-17\example-01-17.vcxproj", "{9525AAA4-1583-40D3-8CCB-8E06B5A9A404}"
EndProject
Project("{8BC9CEB8-8B4A-11D0-8D11-00A0C91BC942}") = "example-01-18", "example-01-18\example-01-18.vcxproj", "{DA20897A-5301-4F06-A551-5F92B91FAF3C}"
EndProject
Project("{8BC9CEB8-8B4A-11D0-8D11-00A0C91BC942}") = "example-01-19", "example-01-19\example-01-19.vcxproj", "{F73C5FDF-31F5-48B7-AAFE-4268211AFFE9}"
EndProject
Project("{8BC9CEB8-8B4A-11D0-8D11-00A0C91BC942}") = "example-01-20", "example-01-20\example-01-20.vcxproj", "{217FBCEA-DBAC-4394-8FA9-BFCE0BC59031}"
EndProject
Project("{8BC9CEB8-8B4A-11D0-8D11-00A0C91BC942}") = "example-01-21", "example-01-21\example-01-21.vcxproj", "{DCEF4CFA-5A0B-437D-BCE2-17502019A2FC}"
EndProject
Project("{8BC9CEB8-8B4A-11D0-8D11-00A0C91BC942}") = "example-01-22", "example-01-22\example-01-22.vcxproj", "{7DA54DFA-014E-4B12-8DED-C1F28E649154}"
EndProject
Project("{8BC9CEB8-8B4A-11D0-8D11-00A0C91BC942}") = "example-01-23", "example-01-23\example-01-23.vcxproj", "{EC36EDE0-6098-44F6-ACD9-EB85481CCD4F}"
EndProject
Project("{8BC9CEB8-8B4A-11D0-8D11-00A0C91BC942}") = "example-01-24", "example-01-24\example-01-24.vcxproj", "{2686A9A9-502F-4E6A-96D9-C6C196D7822E}"
EndProject
Project("{8BC9CEB8-8B4A-11D0-8D11-00A0C91BC942}") = "example-01-25", "example-01-25\example-01-25.vcxproj", "{F3BFB40C-58BD-4ED9-9048-690632472DD3}"
EndProject
Project("{8BC9CEB8-8B4A-11D0-8D11-00A0C91BC942}") = "example-01-26", "example-01-26\example-01-26.vcxproj", "{1817DF18-1C48-4171-904C-72DA851E4CF0}"
EndProject
Project("{8BC9CEB8-8B4A-11D0-8D11-00A0C91BC942}") = "example-01-27", "example-01-27\example-01-27.vcxproj", "{2E161C8F-72A8-46E7-932A-56C67D3E0271}"
EndProject
Project("{8BC9CEB8-8B4A-11D0-8D11-00A0C91BC942}") = "example-01-28", "example-01-28\example-01-28.vcxproj", "{1B17A30A-985C-4A76-BD43-2A01BB1AA4D0}"
EndProject
Project("{8BC9CEB8-8B4A-11D0-8D11-00A0C91BC942}") = "example-01-29", "example-01-29\example-01-29.vcxproj", "{CBE2EB4F-9E5E-4E31-90D9-FBB4F764CBF1}"
EndProject
Project("{8BC9CEB8-8B4A-11D0-8D11-00A0C91BC942}") = "example-01-30", "example-01-30\example-01-30.vcxproj", "{886E4219-4709-4B2C-B52C-55FD605B9FE9}"
EndProject
Project("{8BC9CEB8-8B4A-11D0-8D11-00A0C91BC942}") = "example-01-31", "example-01-31\example-01-31.vcxproj", "{0B35F25E-1C6E-4DC2-A116-D9A123EBC788}"
EndProject
Project("{8BC9CEB8-8B4A-11D0-8D11-00A0C91BC942}") = "example-01-32", "example-01-32\example-01-32.vcxproj", "{FB5C9A97-E7A7-4AA2-9F89-9D5929189E4D}"
EndProject
Project("{8BC9CEB8-8B4A-11D0-8D11-00A0C91BC942}") = "example-01-33", "example-01-33\example-01-33.vcxproj", "{87266A8D-698F-41B5-A7E3-6E3351DF0B5C}"
EndProject
Project("{8BC9CEB8-8B4A-11D0-8D11-00A0C91BC942}") = "example-01-34", "example-01-34\example-01-34.vcxproj", "{D4EF1128-0957-4191-8FFD-CE8CF78A36F1}"
EndProject
Project("{8BC9CEB8-8B4A-11D0-8D11-00A0C91BC942}") = "example-01-35", "example-01-35\example-01-35.vcxproj", "{0E55BEA0-6146-4657-865F-99770F2C2522}"
EndProject
Project("{8BC9CEB8-8B4A-11D0-8D11-00A0C91BC942}") = "example-01-36", "example-01-36\example-01-36.vcxproj", "{C0B76144-AA88-4806-9BF4-2927251282F6}"
EndProject
Project("{8BC9CEB8-8B4A-11D0-8D11-00A0C91BC942}") = "example-01-37", "example-01-37\example-01-37.vcxproj", "{1B88B68E-82D2-4CA2-8926-35C8AAAA7C5B}"
EndProject
Project("{8BC9CEB8-8B4A-11D0-8D11-00A0C91BC942}") = "example-01-38", "example-01-38\example-01-38.vcxproj", "{CF3C5B50-91E2-4DB6-9119-732122895EEC}"
EndProject
Project("{8BC9CEB8-8B4A-11D0-8D11-00A0C91BC942}") = "example-01-39", "example-01-39\example-01-39.vcxproj", "{6C4E5491-C312-4CD1-9856-0070EB8D4F30}"
EndProject
Project("{8BC9CEB8-8B4A-11D0-8D11-00A0C91BC942}") = "example-01-40", "example-01-40\example-01-40.vcxproj", "{E436BD35-F286-40D7-9B7D-C0081C7C79C2}"
EndProject
Project("{8BC9CEB8-8B4A-11D0-8D11-00A0C91BC942}") = "example-01-41", "example-01-41\example-01-41.vcxproj", "{2E3BC31D-7A8F-49BD-8F90-422925617576}"
EndProject
Project("{8BC9CEB8-8B4A-11D0-8D11-00A0C91BC942}") = "example-01-42", "example-01-42\example-01-42.vcxproj", "{CCD65A99-78C2-4861-A196-4BD356EBF5E5}"
EndProject
Project("{8BC9CEB8-8B4A-11D0-8D11-00A0C91BC942}") = "examples-01-02-01", "examples-01-02-01\examples-01-02-01.vcxproj", "{464469D6-EACE-4116-8CF4-FF7F0C304168}"
EndProject
Project("{8BC9CEB8-8B4A-11D0-8D11-00A0C91BC942}") = "examples-01-02-02", "examples-01-02-02\examples-01-02-02.vcxproj", "{F3DD569D-3DCD-4DCF-B1CB-514535A94224}"
EndProject
Project("{8BC9CEB8-8B4A-11D0-8D11-00A0C91BC942}") = "examples-01-02-03", "examples-01-02-03\examples-01-02-03.vcxproj", "{1B4B89DC-3338-40B6-A53A-B5E2A7D88363}"
EndProject
Project("{8BC9CEB8-8B4A-11D0-8D11-00A0C91BC942}") = "examples-01-02-04", "examples-01-02-04\examples-01-02-04.vcxproj", "{5F81C4F9-AD16-4A0A-B1A6-01A9D91DE008}"
EndProject
Project("{8BC9CEB8-8B4A-11D0-8D11-00A0C91BC942}") = "examples-01-02-05", "examples-01-02-05\examples-01-02-05.vcxproj", "{CE611397-5B02-46DB-AB25-C28B695E6259}"
EndProject
Project("{8BC9CEB8-8B4A-11D0-8D11-00A0C91BC942}") = "examples-01-02-06", "examples-01-02-06\examples-01-02-06.vcxproj", "{C28E8A91-DD39-4F08-B9FE-43DC6BF71AED}"
EndProject
Project("{8BC9CEB8-8B4A-11D0-8D11-00A0C91BC942}") = "examples-01-02-07", "examples-01-02-07\examples-01-02-07.vcxproj", "{8E1CC9B8-E1A7-4DBD-B2FD-5C112A150586}"
EndProject
Project("{8BC9CEB8-8B4A-11D0-8D11-00A0C91BC942}") = "examples-01-02-08", "examples-01-02-08\examples-01-02-08.vcxproj", "{5293D9F6-29DE-4CA3-BA67-0F2C9B3264A0}"
EndProject
Project("{8BC9CEB8-8B4A-11D0-8D11-00A0C91BC942}") = "examples-01-02-09", "examples-01-02-09\examples-01-02-09.vcxproj", "{1813728F-F003-49E7-94E5-CEB91B952652}"
EndProject
Project("{8BC9CEB8-8B4A-11D0-8D11-00A0C91BC942}") = "examples-01-02-10", "examples-01-02-10\examples-01-02-10.vcxproj", "{0F255C32-372D-481E-BA6F-584AECFBA121}"
EndProject
Project("{8BC9CEB8-8B4A-11D0-8D11-00A0C91BC942}") = "examples-01-02-11", "examples-01-02-11\examples-01-02-11.vcxproj", "{21515AA2-2F89-48B5-B84F-A9F3E5767851}"
EndProject
Project("{8BC9CEB8-8B4A-11D0-8D11-00A0C91BC942}") = "examples-01-02-12", "examples-01-02-12\examples-01-02-12.vcxproj", "{3B18CC22-3576-418D-9255-A6CDB1D60204}"
EndProject
Project("{8BC9CEB8-8B4A-11D0-8D11-00A0C91BC942}") = "examples-01-02-13", "examples-01-02-13\examples-01-02-13.vcxproj", "{6D60F795-D6DC-42E4-8678-1BF22AA09BAC}"
EndProject
Project("{8BC9CEB8-8B4A-11D0-8D11-00A0C91BC942}") = "examples-01-02-14", "examples-01-02-14\examples-01-02-14.vcxproj", "{73F7DE3F-82EF-4804-9319-74AA3C0E8CFD}"
EndProject
Project("{8BC9CEB8-8B4A-11D0-8D11-00A0C91BC942}") = "examples-01-02-15", "examples-01-02-15\examples-01-02-15.vcxproj", "{0BB86C49-72E5-4190-8728-73E164EDFB32}"
EndProject
Project("{8BC9CEB8-8B4A-11D0-8D11-00A0C91BC942}") = "examples-01-02-16", "examples-01-02-16\examples-01-02-16.vcxproj", "{5BB9223E-3696-48FF-8E71-AF73B649F452}"
EndProject
Project("{8BC9CEB8-8B4A-11D0-8D11-00A0C91BC942}") = "examples-01-02-17", "examples-01-02-17\examples-01-02-17.vcxproj", "{DF46CC0F-7F5C-4976-825B-DE840DC57582}"
EndProject
Project("{8BC9CEB8-8B4A-11D0-8D11-00A0C91BC942}") = "examples-01-02-18", "examples-01-02-18\examples-01-02-18.vcxproj", "{597E0284-2963-44EB-B5F2-79240CF6083C}"
EndProject
Project("{8BC9CEB8-8B4A-11D0-8D11-00A0C91BC942}") = "examples-01-02-19", "examples-01-02-19\examples-01-02-19.vcxproj", "{18D30A85-9E8E-474A-ABAE-6E867C930DE6}"
EndProject
Project("{8BC9CEB8-8B4A-11D0-8D11-00A0C91BC942}") = "examples-01-02-20", "examples-01-02-20\examples-01-02-20.vcxproj", "{4DDE9B73-252F-401C-ADE3-AB7B5626CE9D}"
EndProject
Project("{8BC9CEB8-8B4A-11D0-8D11-00A0C91BC942}") = "examples-01-02-21", "examples-01-02-21\examples-01-02-21.vcxproj", "{3DE9424A-8D5B-4AA9-BF8B-568759A24410}"
EndProject
Project("{8BC9CEB8-8B4A-11D0-8D11-00A0C91BC942}") = "examples-01-02-22", "examples-01-02-22\examples-01-02-22.vcxproj", "{205C1D56-FBC2-4E0A-B3A5-6C32D0AB4799}"
EndProject
Project("{8BC9CEB8-8B4A-11D0-8D11-00A0C91BC942}") = "examples-01-02-23", "examples-01-02-23\examples-01-02-23.vcxproj", "{D05B0A1E-C42B-44EB-89B5-41E5FCF78C31}"
EndProject
Project("{8BC9CEB8-8B4A-11D0-8D11-00A0C91BC942}") = "examples-01-02-24", "examples-01-02-24\examples-01-02-24.vcxproj", "{A4D7A7BC-F8AD-434D-B93B-172DCD4AC0D5}"
EndProject
Project("{8BC9CEB8-8B4A-11D0-8D11-00A0C91BC942}") = "examples-01-02-25", "examples-01-02-25\examples-01-02-25.vcxproj", "{A40A656D-8A65-4CE8-BB13-A59D7C5D4C93}"
EndProject
Project("{8BC9CEB8-8B4A-11D0-8D11-00A0C91BC942}") = "examples-01-02-26", "examples-01-02-26\examples-01-02-26.vcxproj", "{A0387D0D-EE91-4759-8359-758B7B3C634C}"
EndProject
Project("{8BC9CEB8-8B4A-11D0-8D11-00A0C91BC942}") = "examples-01-02-27", "examples-01-02-27\examples-01-02-27.vcxproj", "{15B8D7B2-EFE0-4280-9383-319902CEE47E}"
EndProject
Project("{8BC9CEB8-8B4A-11D0-8D11-00A0C91BC942}") = "examples-01-02-28", "examples-01-02-28\examples-01-02-28.vcxproj", "{3D2389A7-32A9-446F-874D-E6421531F6AA}"
EndProject
Project("{8BC9CEB8-8B4A-11D0-8D11-00A0C91BC942}") = "examples-01-02-29", "examples-01-02-29\examples-01-02-29.vcxproj", "{17F2860E-652D-4A8F-B759-DA896BF439D6}"
EndProject
Project("{8BC9CEB8-8B4A-11D0-8D11-00A0C91BC942}") = "examples-01-02-30", "examples-01-02-30\examples-01-02-30.vcxproj", "{A26048F3-E885-4C98-A5AF-7E529E77DC24}"
EndProject
Project("{8BC9CEB8-8B4A-11D0-8D11-00A0C91BC942}") = "examples-01-02-31", "examples-01-02-31\examples-01-02-31.vcxproj", "{D0D21712-2E9F-4BF4-890A-33B68C9E8578}"
EndProject
Project("{8BC9CEB8-8B4A-11D0-8D11-00A0C91BC942}") = "examples-01-02-32", "examples-01-02-32\examples-01-02-32.vcxproj", "{AB7A3A5D-509A-419C-843A-2AD5278FE27E}"
EndProject
Project("{8BC9CEB8-8B4A-11D0-8D11-00A0C91BC942}") = "examples-01-02-33", "examples-01-02-33\examples-01-02-33.vcxproj", "{31E15424-B71F-4386-BF32-C759C34BF7A3}"
EndProject
Project("{8BC9CEB8-8B4A-11D0-8D11-00A0C91BC942}") = "examples-01-02-34", "examples-01-02-34\examples-01-02-34.vcxproj", "{716D8772-6EE7-4EFB-8870-70A464F8F835}"
EndProject
Project("{8BC9CEB8-8B4A-11D0-8D11-00A0C91BC942}") = "examples-01-02-35", "examples-01-02-35\examples-01-02-35.vcxproj", "{79BF3ACC-C0B3-48FA-B505-0A8399100668}"
EndProject
Project("{8BC9CEB8-8B4A-11D0-8D11-00A0C91BC942}") = "examples-01-02-36", "examples-01-02-36\examples-01-02-36.vcxproj", "{8AC975A1-37A8-421A-A8D0-A900E029A83C}"
EndProject
Project("{8BC9CEB8-8B4A-11D0-8D11-00A0C91BC942}") = "examples-01-02-37", "examples-01-02-37\examples-01-02-37.vcxproj", "{B21701AB-872B-4F92-BD34-8BA16205C7CA}"
EndProject
Project("{8BC9CEB8-8B4A-11D0-8D11-00A0C91BC942}") = "examples-01-02-38", "examples-01-02-38\examples-01-02-38.vcxproj", "{C14C2EA6-5C42-4B67-98E4-18A6780D6A7E}"
EndProject
Project("{8BC9CEB8-8B4A-11D0-8D11-00A0C91BC942}") = "examples-01-02-39", "examples-01-02-39\examples-01-02-39.vcxproj", "{7E80E89A-9761-496E-BC00-8963D542BCC5}"
EndProject
Project("{8BC9CEB8-8B4A-11D0-8D11-00A0C91BC942}") = "examples-01-02-40", "examples-01-02-40\examples-01-02-40.vcxproj", "{5F61B221-AB2B-48AD-9105-E3E75E50AF9F}"
EndProject
Project("{8BC9CEB8-8B4A-11D0-8D11-00A0C91BC942}") = "examples-01-02-41", "examples-01-02-41\examples-01-02-41.vcxproj", "{D5DD19DA-198E-459D-BD09-C8E28DE732EF}"
EndProject
Project("{8BC9CEB8-8B4A-11D0-8D11-00A0C91BC942}") = "examples-01-02-42", "examples-01-02-42\examples-01-02-42.vcxproj", "{638AD747-7C42-48D8-891F-A787A7739D16}"
EndProject
Project("{8BC9CEB8-8B4A-11D0-8D11-00A0C91BC942}") = "examples-01-03-01", "examples-01-03-01\examples-01-03-01.vcxproj", "{613F7C33-869B-489B-BC3E-D36433906705}"
EndProject
Project("{8BC9CEB8-8B4A-11D0-8D11-00A0C91BC942}") = "examples-01-03-02", "examples-01-03-02\examples-01-03-02.vcxproj", "{52AEAD7A-3A6F-48FB-A968-4BE56A0E663F}"
EndProject
Project("{8BC9CEB8-8B4A-11D0-8D11-00A0C91BC942}") = "examples-01-03-03", "examples-01-03-03\examples-01-03-03.vcxproj", "{63F4B612-E0D9-4D97-A90D-F48D35B9A00C}"
EndProject
Project("{8BC9CEB8-8B4A-11D0-8D11-00A0C91BC942}") = "examples-01-03-04", "examples-01-03-04\examples-01-03-04.vcxproj", "{C011B00C-4576-47D6-A4AE-8EF8A0D1B476}"
EndProject
Project("{8BC9CEB8-8B4A-11D0-8D11-00A0C91BC942}") = "examples-01-03-05", "examples-01-03-05\examples-01-03-05.vcxproj", "{1B35D959-1257-45B4-B0D0-0BF6586F0751}"
EndProject
Project("{8BC9CEB8-8B4A-11D0-8D11-00A0C91BC942}") = "examples-01-03-06", "examples-01-03-06\examples-01-03-06.vcxproj", "{F8AC9AB5-0642-4620-B81E-A223DF15E830}"
EndProject
Project("{8BC9CEB8-8B4A-11D0-8D11-00A0C91BC942}") = "examples-01-03-07", "examples-01-03-07\examples-01-03-07.vcxproj", "{72BEFD09-4D7C-4AD2-8552-1AF15D014FC3}"
EndProject
Project("{8BC9CEB8-8B4A-11D0-8D11-00A0C91BC942}") = "examples-01-03-08", "examples-01-03-08\examples-01-03-08.vcxproj", "{7F87F407-5319-4418-B76E-1B83E1605176}"
EndProject
Project("{8BC9CEB8-8B4A-11D0-8D11-00A0C91BC942}") = "examples-01-03-09", "examples-01-03-09\examples-01-03-09.vcxproj", "{93B62A74-3C92-46F7-BB46-78A2C31CB065}"
EndProject
Project("{8BC9CEB8-8B4A-11D0-8D11-00A0C91BC942}") = "examples-01-03-10", "examples-01-03-10\examples-01-03-10.vcxproj", "{7B973E50-1E69-4CEE-B2F6-13E12CFE1667}"
EndProject
Project("{8BC9CEB8-8B4A-11D0-8D11-00A0C91BC942}") = "examples-01-03-11", "examples-01-03-11\examples-01-03-11.vcxproj", "{A0268DAC-CE60-473A-B560-BDA5F37648F4}"
EndProject
Project("{8BC9CEB8-8B4A-11D0-8D11-00A0C91BC942}") = "examples-01-03-12", "examples-01-03-12\examples-01-03-12.vcxproj", "{5C882026-CBA1-4D4D-BE55-AC0FF91D695F}"
EndProject
Project("{8BC9CEB8-8B4A-11D0-8D11-00A0C91BC942}") = "examples-01-03-13", "examples-01-03-13\examples-01-03-13.vcxproj", "{739F79A3-EBE0-4767-96D9-CE52310C6F8C}"
EndProject
Project("{8BC9CEB8-8B4A-11D0-8D11-00A0C91BC942}") = "examples-01-03-14", "examples-01-03-14\examples-01-03-14.vcxproj", "{194CBABB-1C16-40C4-87DF-79F8C85E5512}"
EndProject
Project("{8BC9CEB8-8B4A-11D0-8D11-00A0C91BC942}") = "examples-01-03-15", "examples-01-03-15\examples-01-03-15.vcxproj", "{75C98B8A-358E-460A-A924-0C1DDE02C6E5}"
EndProject
Project("{8BC9CEB8-8B4A-11D0-8D11-00A0C91BC942}") = "examples-01-03-16", "examples-01-03-16\examples-01-03-16.vcxproj", "{7966D4B1-659C-4ACB-8BCF-9A9CD6464D45}"
EndProject
Project("{8BC9CEB8-8B4A-11D0-8D11-00A0C91BC942}") = "examples-01-03-17", "examples-01-03-17\examples-01-03-17.vcxproj", "{4F01CE83-9960-4324-B8CA-09D4FAFBDBED}"
EndProject
Project("{8BC9CEB8-8B4A-11D0-8D11-00A0C91BC942}") = "examples-01-03-18", "examples-01-03-18\examples-01-03-18.vcxproj", "{BEB9E269-0AA5-496B-9AFC-343FD27FD301}"
EndProject
Project("{8BC9CEB8-8B4A-11D0-8D11-00A0C91BC942}") = "examples-01-03-19", "examples-01-03-19\examples-01-03-19.vcxproj", "{16F2E58B-093C-493F-AA09-C589B72DE61B}"
EndProject
Project("{8BC9CEB8-8B4A-11D0-8D11-00A0C91BC942}") = "examples-01-03-20", "examples-01-03-20\examples-01-03-20.vcxproj", "{908BF825-7284-4086-BB5A-EC9859176F97}"
EndProject
Project("{8BC9CEB8-8B4A-11D0-8D11-00A0C91BC942}") = "examples-01-03-21", "examples-01-03-21\examples-01-03-21.vcxproj", "{B1E24DD4-8A28-4E13-B1A8-90D06710CA60}"
EndProject
Project("{8BC9CEB8-8B4A-11D0-8D11-00A0C91BC942}") = "examples-01-03-22", "examples-01-03-22\examples-01-03-22.vcxproj", "{224B2E2A-BF2B-4B12-89A4-E24B49BD9BE5}"
EndProject
Project("{8BC9CEB8-8B4A-11D0-8D11-00A0C91BC942}") = "examples-01-03-23", "examples-01-03-23\examples-01-03-23.vcxproj", "{C162B45E-5FB1-4128-B8BB-E78C6C7C39B4}"
EndProject
Project("{8BC9CEB8-8B4A-11D0-8D11-00A0C91BC942}") = "examples-01-03-24", "examples-01-03-24\examples-01-03-24.vcxproj", "{2953CF71-8990-4057-9F66-9F0135CB710F}"
EndProject
Global
	GlobalSection(SolutionConfigurationPlatforms) = preSolution
		Debug|x64 = Debug|x64
		Debug|x86 = Debug|x86
		Release|x64 = Release|x64
		Release|x86 = Release|x86
	EndGlobalSection
	GlobalSection(ProjectConfigurationPlatforms) = postSolution
		{A7EFCF5F-758E-4099-B995-D35C04868680}.Debug|x64.ActiveCfg = Debug|x64
		{A7EFCF5F-758E-4099-B995-D35C04868680}.Debug|x64.Build.0 = Debug|x64
		{A7EFCF5F-758E-4099-B995-D35C04868680}.Debug|x86.ActiveCfg = Debug|Win32
		{A7EFCF5F-758E-4099-B995-D35C04868680}.Debug|x86.Build.0 = Debug|Win32
		{A7EFCF5F-758E-4099-B995-D35C04868680}.Release|x64.ActiveCfg = Release|x64
		{A7EFCF5F-758E-4099-B995-D35C04868680}.Release|x64.Build.0 = Release|x64
		{A7EFCF5F-758E-4099-B995-D35C04868680}.Release|x86.ActiveCfg = Release|Win32
		{A7EFCF5F-758E-4099-B995-D35C04868680}.Release|x86.Build.0 = Release|Win32
		{E0EA0B8F-1227-407E-A2A4-B2E708E4B836}.Debug|x64.ActiveCfg = Debug|x64
		{E0EA0B8F-1227-407E-A2A4-B2E708E4B836}.Debug|x64.Build.0 = Debug|x64
		{E0EA0B8F-1227-407E-A2A4-B2E708E4B836}.Debug|x86.ActiveCfg = Debug|Win32
		{E0EA0B8F-1227-407E-A2A4-B2E708E4B836}.Debug|x86.Build.0 = Debug|Win32
		{E0EA0B8F-1227-407E-A2A4-B2E708E4B836}.Release|x64.ActiveCfg = Release|x64
		{E0EA0B8F-1227-407E-A2A4-B2E708E4B836}.Release|x64.Build.0 = Release|x64
		{E0EA0B8F-1227-407E-A2A4-B2E708E4B836}.Release|x86.ActiveCfg = Release|Win32
		{E0EA0B8F-1227-407E-A2A4-B2E708E4B836}.Release|x86.Build.0 = Release|Win32
		{A2A889A7-F8A2-427A-994A-6D504C270306}.Debug|x64.ActiveCfg = Debug|x64
		{A2A889A7-F8A2-427A-994A-6D504C270306}.Debug|x64.Build.0 = Debug|x64
		{A2A889A7-F8A2-427A-994A-6D504C270306}.Debug|x86.ActiveCfg = Debug|Win32
		{A2A889A7-F8A2-427A-994A-6D504C270306}.Debug|x86.Build.0 = Debug|Win32
		{A2A889A7-F8A2-427A-994A-6D504C270306}.Release|x64.ActiveCfg = Release|x64
		{A2A889A7-F8A2-427A-994A-6D504C270306}.Release|x64.Build.0 = Release|x64
		{A2A889A7-F8A2-427A-994A-6D504C270306}.Release|x86.ActiveCfg = Release|Win32
		{A2A889A7-F8A2-427A-994A-6D504C270306}.Release|x86.Build.0 = Release|Win32
		{BB5300B0-1420-4C7D-A383-A60AEF39F264}.Debug|x64.ActiveCfg = Debug|x64
		{BB5300B0-1420-4C7D-A383-A60AEF39F264}.Debug|x64.Build.0 = Debug|x64
		{BB5300B0-1420-4C7D-A383-A60AEF39F264}.Debug|x86.ActiveCfg = Debug|Win32
		{BB5300B0-1420-4C7D-A383-A60AEF39F264}.Debug|x86.Build.0 = Debug|Win32
		{BB5300B0-1420-4C7D-A383-A60AEF39F264}.Release|x64.ActiveCfg = Release|x64
		{BB5300B0-1420-4C7D-A383-A60AEF39F264}.Release|x64.Build.0 = Release|x64
		{BB5300B0-1420-4C7D-A383-A60AEF39F264}.Release|x86.ActiveCfg = Release|Win32
		{BB5300B0-1420-4C7D-A383-A60AEF39F264}.Release|x86.Build.0 = Release|Win32
		{08D861B1-593B-4F96-AEC8-508D483B7BFB}.Debug|x64.ActiveCfg = Debug|x64
		{08D861B1-593B-4F96-AEC8-508D483B7BFB}.Debug|x64.Build.0 = Debug|x64
		{08D861B1-593B-4F96-AEC8-508D483B7BFB}.Debug|x86.ActiveCfg = Debug|Win32
		{08D861B1-593B-4F96-AEC8-508D483B7BFB}.Debug|x86.Build.0 = Debug|Win32
		{08D861B1-593B-4F96-AEC8-508D483B7BFB}.Release|x64.ActiveCfg = Release|x64
		{08D861B1-593B-4F96-AEC8-508D483B7BFB}.Release|x64.Build.0 = Release|x64
		{08D861B1-593B-4F96-AEC8-508D483B7BFB}.Release|x86.ActiveCfg = Release|Win32
		{08D861B1-593B-4F96-AEC8-508D483B7BFB}.Release|x86.Build.0 = Release|Win32
		{A0CDC436-B3A6-4F3E-A00D-6DA4EC0DE764}.Debug|x64.ActiveCfg = Debug|x64
		{A0CDC436-B3A6-4F3E-A00D-6DA4EC0DE764}.Debug|x64.Build.0 = Debug|x64
		{A0CDC436-B3A6-4F3E-A00D-6DA4EC0DE764}.Debug|x86.ActiveCfg = Debug|Win32
		{A0CDC436-B3A6-4F3E-A00D-6DA4EC0DE764}.Debug|x86.Build.0 = Debug|Win32
		{A0CDC436-B3A6-4F3E-A00D-6DA4EC0DE764}.Release|x64.ActiveCfg = Release|x64
		{A0CDC436-B3A6-4F3E-A00D-6DA4EC0DE764}.Release|x64.Build.0 = Release|x64
		{A0CDC436-B3A6-4F3E-A00D-6DA4EC0DE764}.Release|x86.ActiveCfg = Release|Win32
		{A0CDC436-B3A6-4F3E-A00D-6DA4EC0DE764}.Release|x86.Build.0 = Release|Win32
		{434E8615-4C35-41A4-AD68-118BF20AA743}.Debug|x64.ActiveCfg = Debug|x64
		{434E8615-4C35-41A4-AD68-118BF20AA743}.Debug|x64.Build.0 = Debug|x64
		{434E8615-4C35-41A4-AD68-118BF20AA743}.Debug|x86.ActiveCfg = Debug|Win32
		{434E8615-4C35-41A4-AD68-118BF20AA743}.Debug|x86.Build.0 = Debug|Win32
		{434E8615-4C35-41A4-AD68-118BF20AA743}.Release|x64.ActiveCfg = Release|x64
		{434E8615-4C35-41A4-AD68-118BF20AA743}.Release|x64.Build.0 = Release|x64
		{434E8615-4C35-41A4-AD68-118BF20AA743}.Release|x86.ActiveCfg = Release|Win32
		{434E8615-4C35-41A4-AD68-118BF20AA743}.Release|x86.Build.0 = Release|Win32
		{7E158DD7-5ACC-4758-A556-85E97F1ADDEE}.Debug|x64.ActiveCfg = Debug|x64
		{7E158DD7-5ACC-4758-A556-85E97F1ADDEE}.Debug|x64.Build.0 = Debug|x64
		{7E158DD7-5ACC-4758-A556-85E97F1ADDEE}.Debug|x86.ActiveCfg = Debug|Win32
		{7E158DD7-5ACC-4758-A556-85E97F1ADDEE}.Debug|x86.Build.0 = Debug|Win32
		{7E158DD7-5ACC-4758-A556-85E97F1ADDEE}.Release|x64.ActiveCfg = Release|x64
		{7E158DD7-5ACC-4758-A556-85E97F1ADDEE}.Release|x64.Build.0 = Release|x64
		{7E158DD7-5ACC-4758-A556-85E97F1ADDEE}.Release|x86.ActiveCfg = Release|Win32
		{7E158DD7-5ACC-4758-A556-85E97F1ADDEE}.Release|x86.Build.0 = Release|Win32
		{D1685EF2-C215-4F61-AEA4-090A34F7EF7B}.Debug|x64.ActiveCfg = Debug|x64
		{D1685EF2-C215-4F61-AEA4-090A34F7EF7B}.Debug|x64.Build.0 = Debug|x64
		{D1685EF2-C215-4F61-AEA4-090A34F7EF7B}.Debug|x86.ActiveCfg = Debug|Win32
		{D1685EF2-C215-4F61-AEA4-090A34F7EF7B}.Debug|x86.Build.0 = Debug|Win32
		{D1685EF2-C215-4F61-AEA4-090A34F7EF7B}.Release|x64.ActiveCfg = Release|x64
		{D1685EF2-C215-4F61-AEA4-090A34F7EF7B}.Release|x64.Build.0 = Release|x64
		{D1685EF2-C215-4F61-AEA4-090A34F7EF7B}.Release|x86.ActiveCfg = Release|Win32
		{D1685EF2-C215-4F61-AEA4-090A34F7EF7B}.Release|x86.Build.0 = Release|Win32
		{DD8B103A-5583-452E-9DA8-C858537AEE1C}.Debug|x64.ActiveCfg = Debug|x64
		{DD8B103A-5583-452E-9DA8-C858537AEE1C}.Debug|x64.Build.0 = Debug|x64
		{DD8B103A-5583-452E-9DA8-C858537AEE1C}.Debug|x86.ActiveCfg = Debug|Win32
		{DD8B103A-5583-452E-9DA8-C858537AEE1C}.Debug|x86.Build.0 = Debug|Win32
		{DD8B103A-5583-452E-9DA8-C858537AEE1C}.Release|x64.ActiveCfg = Release|x64
		{DD8B103A-5583-452E-9DA8-C858537AEE1C}.Release|x64.Build.0 = Release|x64
		{DD8B103A-5583-452E-9DA8-C858537AEE1C}.Release|x86.ActiveCfg = Release|Win32
		{DD8B103A-5583-452E-9DA8-C858537AEE1C}.Release|x86.Build.0 = Release|Win32
		{7F125082-82C3-49F6-BCD2-B358B7324A2F}.Debug|x64.ActiveCfg = Debug|x64
		{7F125082-82C3-49F6-BCD2-B358B7324A2F}.Debug|x64.Build.0 = Debug|x64
		{7F125082-82C3-49F6-BCD2-B358B7324A2F}.Debug|x86.ActiveCfg = Debug|Win32
		{7F125082-82C3-49F6-BCD2-B358B7324A2F}.Debug|x86.Build.0 = Debug|Win32
		{7F125082-82C3-49F6-BCD2-B358B7324A2F}.Release|x64.ActiveCfg = Release|x64
		{7F125082-82C3-49F6-BCD2-B358B7324A2F}.Release|x64.Build.0 = Release|x64
		{7F125082-82C3-49F6-BCD2-B358B7324A2F}.Release|x86.ActiveCfg = Release|Win32
		{7F125082-82C3-49F6-BCD2-B358B7324A2F}.Release|x86.Build.0 = Release|Win32
		{12A0F647-A111-4055-947C-867FDBB88248}.Debug|x64.ActiveCfg = Debug|x64
		{12A0F647-A111-4055-947C-867FDBB88248}.Debug|x64.Build.0 = Debug|x64
		{12A0F647-A111-4055-947C-867FDBB88248}.Debug|x86.ActiveCfg = Debug|Win32
		{12A0F647-A111-4055-947C-867FDBB88248}.Debug|x86.Build.0 = Debug|Win32
		{12A0F647-A111-4055-947C-867FDBB88248}.Release|x64.ActiveCfg = Release|x64
		{12A0F647-A111-4055-947C-867FDBB88248}.Release|x64.Build.0 = Release|x64
		{12A0F647-A111-4055-947C-867FDBB88248}.Release|x86.ActiveCfg = Release|Win32
		{12A0F647-A111-4055-947C-867FDBB88248}.Release|x86.Build.0 = Release|Win32
		{3FE36765-D3F4-4D37-8637-33B16D64ABF8}.Debug|x64.ActiveCfg = Debug|x64
		{3FE36765-D3F4-4D37-8637-33B16D64ABF8}.Debug|x64.Build.0 = Debug|x64
		{3FE36765-D3F4-4D37-8637-33B16D64ABF8}.Debug|x86.ActiveCfg = Debug|Win32
		{3FE36765-D3F4-4D37-8637-33B16D64ABF8}.Debug|x86.Build.0 = Debug|Win32
		{3FE36765-D3F4-4D37-8637-33B16D64ABF8}.Release|x64.ActiveCfg = Release|x64
		{3FE36765-D3F4-4D37-8637-33B16D64ABF8}.Release|x64.Build.0 = Release|x64
		{3FE36765-D3F4-4D37-8637-33B16D64ABF8}.Release|x86.ActiveCfg = Release|Win32
		{3FE36765-D3F4-4D37-8637-33B16D64ABF8}.Release|x86.Build.0 = Release|Win32
		{9CE80AEC-CD55-482E-87AD-C19AA5F44077}.Debug|x64.ActiveCfg = Debug|x64
		{9CE80AEC-CD55-482E-87AD-C19AA5F44077}.Debug|x64.Build.0 = Debug|x64
		{9CE80AEC-CD55-482E-87AD-C19AA5F44077}.Debug|x86.ActiveCfg = Debug|Win32
		{9CE80AEC-CD55-482E-87AD-C19AA5F44077}.Debug|x86.Build.0 = Debug|Win32
		{9CE80AEC-CD55-482E-87AD-C19AA5F44077}.Release|x64.ActiveCfg = Release|x64
		{9CE80AEC-CD55-482E-87AD-C19AA5F44077}.Release|x64.Build.0 = Release|x64
		{9CE80AEC-CD55-482E-87AD-C19AA5F44077}.Release|x86.ActiveCfg = Release|Win32
		{9CE80AEC-CD55-482E-87AD-C19AA5F44077}.Release|x86.Build.0 = Release|Win32
		{E5BD5B99-82C4-4483-A7AD-CCBB59967DE4}.Debug|x64.ActiveCfg = Debug|x64
		{E5BD5B99-82C4-4483-A7AD-CCBB59967DE4}.Debug|x64.Build.0 = Debug|x64
		{E5BD5B99-82C4-4483-A7AD-CCBB59967DE4}.Debug|x86.ActiveCfg = Debug|Win32
		{E5BD5B99-82C4-4483-A7AD-CCBB59967DE4}.Debug|x86.Build.0 = Debug|Win32
		{E5BD5B99-82C4-4483-A7AD-CCBB59967DE4}.Release|x64.ActiveCfg = Release|x64
		{E5BD5B99-82C4-4483-A7AD-CCBB59967DE4}.Release|x64.Build.0 = Release|x64
		{E5BD5B99-82C4-4483-A7AD-CCBB59967DE4}.Release|x86.ActiveCfg = Release|Win32
		{E5BD5B99-82C4-4483-A7AD-CCBB59967DE4}.Release|x86.Build.0 = Release|Win32
		{57E99EE9-D76E-4481-9BAE-3D794F20389C}.Debug|x64.ActiveCfg = Debug|x64
		{57E99EE9-D76E-4481-9BAE-3D794F20389C}.Debug|x64.Build.0 = Debug|x64
		{57E99EE9-D76E-4481-9BAE-3D794F20389C}.Debug|x86.ActiveCfg = Debug|Win32
		{57E99EE9-D76E-4481-9BAE-3D794F20389C}.Debug|x86.Build.0 = Debug|Win32
		{57E99EE9-D76E-4481-9BAE-3D794F20389C}.Release|x64.ActiveCfg = Release|x64
		{57E99EE9-D76E-4481-9BAE-3D794F20389C}.Release|x64.Build.0 = Release|x64
		{57E99EE9-D76E-4481-9BAE-3D794F20389C}.Release|x86.ActiveCfg = Release|Win32
		{57E99EE9-D76E-4481-9BAE-3D794F20389C}.Release|x86.Build.0 = Release|Win32
		{9525AAA4-1583-40D3-8CCB-8E06B5A9A404}.Debug|x64.ActiveCfg = Debug|x64
		{9525AAA4-1583-40D3-8CCB-8E06B5A9A404}.Debug|x64.Build.0 = Debug|x64
		{9525AAA4-1583-40D3-8CCB-8E06B5A9A404}.Debug|x86.ActiveCfg = Debug|Win32
		{9525AAA4-1583-40D3-8CCB-8E06B5A9A404}.Debug|x86.Build.0 = Debug|Win32
		{9525AAA4-1583-40D3-8CCB-8E06B5A9A404}.Release|x64.ActiveCfg = Release|x64
		{9525AAA4-1583-40D3-8CCB-8E06B5A9A404}.Release|x64.Build.0 = Release|x64
		{9525AAA4-1583-40D3-8CCB-8E06B5A9A404}.Release|x86.ActiveCfg = Release|Win32
		{9525AAA4-1583-40D3-8CCB-8E06B5A9A404}.Release|x86.Build.0 = Release|Win32
		{DA20897A-5301-4F06-A551-5F92B91FAF3C}.Debug|x64.ActiveCfg = Debug|x64
		{DA20897A-5301-4F06-A551-5F92B91FAF3C}.Debug|x64.Build.0 = Debug|x64
		{DA20897A-5301-4F06-A551-5F92B91FAF3C}.Debug|x86.ActiveCfg = Debug|Win32
		{DA20897A-5301-4F06-A551-5F92B91FAF3C}.Debug|x86.Build.0 = Debug|Win32
		{DA20897A-5301-4F06-A551-5F92B91FAF3C}.Release|x64.ActiveCfg = Release|x64
		{DA20897A-5301-4F06-A551-5F92B91FAF3C}.Release|x64.Build.0 = Release|x64
		{DA20897A-5301-4F06-A551-5F92B91FAF3C}.Release|x86.ActiveCfg = Release|Win32
		{DA20897A-5301-4F06-A551-5F92B91FAF3C}.Release|x86.Build.0 = Release|Win32
		{F73C5FDF-31F5-48B7-AAFE-4268211AFFE9}.Debug|x64.ActiveCfg = Debug|x64
		{F73C5FDF-31F5-48B7-AAFE-4268211AFFE9}.Debug|x64.Build.0 = Debug|x64
		{F73C5FDF-31F5-48B7-AAFE-4268211AFFE9}.Debug|x86.ActiveCfg = Debug|Win32
		{F73C5FDF-31F5-48B7-AAFE-4268211AFFE9}.Debug|x86.Build.0 = Debug|Win32
		{F73C5FDF-31F5-48B7-AAFE-4268211AFFE9}.Release|x64.ActiveCfg = Release|x64
		{F73C5FDF-31F5-48B7-AAFE-4268211AFFE9}.Release|x64.Build.0 = Release|x64
		{F73C5FDF-31F5-48B7-AAFE-4268211AFFE9}.Release|x86.ActiveCfg = Release|Win32
		{F73C5FDF-31F5-48B7-AAFE-4268211AFFE9}.Release|x86.Build.0 = Release|Win32
		{217FBCEA-DBAC-4394-8FA9-BFCE0BC59031}.Debug|x64.ActiveCfg = Debug|x64
		{217FBCEA-DBAC-4394-8FA9-BFCE0BC59031}.Debug|x64.Build.0 = Debug|x64
		{217FBCEA-DBAC-4394-8FA9-BFCE0BC59031}.Debug|x86.ActiveCfg = Debug|Win32
		{217FBCEA-DBAC-4394-8FA9-BFCE0BC59031}.Debug|x86.Build.0 = Debug|Win32
		{217FBCEA-DBAC-4394-8FA9-BFCE0BC59031}.Release|x64.ActiveCfg = Release|x64
		{217FBCEA-DBAC-4394-8FA9-BFCE0BC59031}.Release|x64.Build.0 = Release|x64
		{217FBCEA-DBAC-4394-8FA9-BFCE0BC59031}.Release|x86.ActiveCfg = Release|Win32
		{217FBCEA-DBAC-4394-8FA9-BFCE0BC59031}.Release|x86.Build.0 = Release|Win32
		{DCEF4CFA-5A0B-437D-BCE2-17502019A2FC}.Debug|x64.ActiveCfg = Debug|x64
		{DCEF4CFA-5A0B-437D-BCE2-17502019A2FC}.Debug|x64.Build.0 = Debug|x64
		{DCEF4CFA-5A0B-437D-BCE2-17502019A2FC}.Debug|x86.ActiveCfg = Debug|Win32
		{DCEF4CFA-5A0B-437D-BCE2-17502019A2FC}.Debug|x86.Build.0 = Debug|Win32
		{DCEF4CFA-5A0B-437D-BCE2-17502019A2FC}.Release|x64.ActiveCfg = Release|x64
		{DCEF4CFA-5A0B-437D-BCE2-17502019A2FC}.Release|x64.Build.0 = Release|x64
		{DCEF4CFA-5A0B-437D-BCE2-17502019A2FC}.Release|x86.ActiveCfg = Release|Win32
		{DCEF4CFA-5A0B-437D-BCE2-17502019A2FC}.Release|x86.Build.0 = Release|Win32
		{7DA54DFA-014E-4B12-8DED-C1F28E649154}.Debug|x64.ActiveCfg = Debug|x64
		{7DA54DFA-014E-4B12-8DED-C1F28E649154}.Debug|x64.Build.0 = Debug|x64
		{7DA54DFA-014E-4B12-8DED-C1F28E649154}.Debug|x86.ActiveCfg = Debug|Win32
		{7DA54DFA-014E-4B12-8DED-C1F28E649154}.Debug|x86.Build.0 = Debug|Win32
		{7DA54DFA-014E-4B12-8DED-C1F28E649154}.Release|x64.ActiveCfg = Release|x64
		{7DA54DFA-014E-4B12-8DED-C1F28E649154}.Release|x64.Build.0 = Release|x64
		{7DA54DFA-014E-4B12-8DED-C1F28E649154}.Release|x86.ActiveCfg = Release|Win32
		{7DA54DFA-014E-4B12-8DED-C1F28E649154}.Release|x86.Build.0 = Release|Win32
		{EC36EDE0-6098-44F6-ACD9-EB85481CCD4F}.Debug|x64.ActiveCfg = Debug|x64
		{EC36EDE0-6098-44F6-ACD9-EB85481CCD4F}.Debug|x64.Build.0 = Debug|x64
		{EC36EDE0-6098-44F6-ACD9-EB85481CCD4F}.Debug|x86.ActiveCfg = Debug|Win32
		{EC36EDE0-6098-44F6-ACD9-EB85481CCD4F}.Debug|x86.Build.0 = Debug|Win32
		{EC36EDE0-6098-44F6-ACD9-EB85481CCD4F}.Release|x64.ActiveCfg = Release|x64
		{EC36EDE0-6098-44F6-ACD9-EB85481CCD4F}.Release|x64.Build.0 = Release|x64
		{EC36EDE0-6098-44F6-ACD9-EB85481CCD4F}.Release|x86.ActiveCfg = Release|Win32
		{EC36EDE0-6098-44F6-ACD9-EB85481CCD4F}.Release|x86.Build.0 = Release|Win32
		{2686A9A9-502F-4E6A-96D9-C6C196D7822E}.Debug|x64.ActiveCfg = Debug|x64
		{2686A9A9-502F-4E6A-96D9-C6C196D7822E}.Debug|x64.Build.0 = Debug|x64
		{2686A9A9-502F-4E6A-96D9-C6C196D7822E}.Debug|x86.ActiveCfg = Debug|Win32
		{2686A9A9-502F-4E6A-96D9-C6C196D7822E}.Debug|x86.Build.0 = Debug|Win32
		{2686A9A9-502F-4E6A-96D9-C6C196D7822E}.Release|x64.ActiveCfg = Release|x64
		{2686A9A9-502F-4E6A-96D9-C6C196D7822E}.Release|x64.Build.0 = Release|x64
		{2686A9A9-502F-4E6A-96D9-C6C196D7822E}.Release|x86.ActiveCfg = Release|Win32
		{2686A9A9-502F-4E6A-96D9-C6C196D7822E}.Release|x86.Build.0 = Release|Win32
		{F3BFB40C-58BD-4ED9-9048-690632472DD3}.Debug|x64.ActiveCfg = Debug|x64
		{F3BFB40C-58BD-4ED9-9048-690632472DD3}.Debug|x64.Build.0 = Debug|x64
		{F3BFB40C-58BD-4ED9-9048-690632472DD3}.Debug|x86.ActiveCfg = Debug|Win32
		{F3BFB40C-58BD-4ED9-9048-690632472DD3}.Debug|x86.Build.0 = Debug|Win32
		{F3BFB40C-58BD-4ED9-9048-690632472DD3}.Release|x64.ActiveCfg = Release|x64
		{F3BFB40C-58BD-4ED9-9048-690632472DD3}.Release|x64.Build.0 = Release|x64
		{F3BFB40C-58BD-4ED9-9048-690632472DD3}.Release|x86.ActiveCfg = Release|Win32
		{F3BFB40C-58BD-4ED9-9048-690632472DD3}.Release|x86.Build.0 = Release|Win32
		{1817DF18-1C48-4171-904C-72DA851E4CF0}.Debug|x64.ActiveCfg = Debug|x64
		{1817DF18-1C48-4171-904C-72DA851E4CF0}.Debug|x64.Build.0 = Debug|x64
		{1817DF18-1C48-4171-904C-72DA851E4CF0}.Debug|x86.ActiveCfg = Debug|Win32
		{1817DF18-1C48-4171-904C-72DA851E4CF0}.Debug|x86.Build.0 = Debug|Win32
		{1817DF18-1C48-4171-904C-72DA851E4CF0}.Release|x64.ActiveCfg = Release|x64
		{1817DF18-1C48-4171-904C-72DA851E4CF0}.Release|x64.Build.0 = Release|x64
		{1817DF18-1C48-4171-904C-72DA851E4CF0}.Release|x86.ActiveCfg = Release|Win32
		{1817DF18-1C48-4171-904C-72DA851E4CF0}.Release|x86.Build.0 = Release|Win32
		{2E161C8F-72A8-46E7-932A-56C67D3E0271}.Debug|x64.ActiveCfg = Debug|x64
		{2E161C8F-72A8-46E7-932A-56C67D3E0271}.Debug|x64.Build.0 = Debug|x64
		{2E161C8F-72A8-46E7-932A-56C67D3E0271}.Debug|x86.ActiveCfg = Debug|Win32
		{2E161C8F-72A8-46E7-932A-56C67D3E0271}.Debug|x86.Build.0 = Debug|Win32
		{2E161C8F-72A8-46E7-932A-56C67D3E0271}.Release|x64.ActiveCfg = Release|x64
		{2E161C8F-72A8-46E7-932A-56C67D3E0271}.Release|x64.Build.0 = Release|x64
		{2E161C8F-72A8-46E7-932A-56C67D3E0271}.Release|x86.ActiveCfg = Release|Win32
		{2E161C8F-72A8-46E7-932A-56C67D3E0271}.Release|x86.Build.0 = Release|Win32
		{1B17A30A-985C-4A76-BD43-2A01BB1AA4D0}.Debug|x64.ActiveCfg = Debug|x64
		{1B17A30A-985C-4A76-BD43-2A01BB1AA4D0}.Debug|x64.Build.0 = Debug|x64
		{1B17A30A-985C-4A76-BD43-2A01BB1AA4D0}.Debug|x86.ActiveCfg = Debug|Win32
		{1B17A30A-985C-4A76-BD43-2A01BB1AA4D0}.Debug|x86.Build.0 = Debug|Win32
		{1B17A30A-985C-4A76-BD43-2A01BB1AA4D0}.Release|x64.ActiveCfg = Release|x64
		{1B17A30A-985C-4A76-BD43-2A01BB1AA4D0}.Release|x64.Build.0 = Release|x64
		{1B17A30A-985C-4A76-BD43-2A01BB1AA4D0}.Release|x86.ActiveCfg = Release|Win32
		{1B17A30A-985C-4A76-BD43-2A01BB1AA4D0}.Release|x86.Build.0 = Release|Win32
		{CBE2EB4F-9E5E-4E31-90D9-FBB4F764CBF1}.Debug|x64.ActiveCfg = Debug|x64
		{CBE2EB4F-9E5E-4E31-90D9-FBB4F764CBF1}.Debug|x64.Build.0 = Debug|x64
		{CBE2EB4F-9E5E-4E31-90D9-FBB4F764CBF1}.Debug|x86.ActiveCfg = Debug|Win32
		{CBE2EB4F-9E5E-4E31-90D9-FBB4F764CBF1}.Debug|x86.Build.0 = Debug|Win32
		{CBE2EB4F-9E5E-4E31-90D9-FBB4F764CBF1}.Release|x64.ActiveCfg = Release|x64
		{CBE2EB4F-9E5E-4E31-90D9-FBB4F764CBF1}.Release|x64.Build.0 = Release|x64
		{CBE2EB4F-9E5E-4E31-90D9-FBB4F764CBF1}.Release|x86.ActiveCfg = Release|Win32
		{CBE2EB4F-9E5E-4E31-90D9-FBB4F764CBF1}.Release|x86.Build.0 = Release|Win32
		{886E4219-4709-4B2C-B52C-55FD605B9FE9}.Debug|x64.ActiveCfg = Debug|x64
		{886E4219-4709-4B2C-B52C-55FD605B9FE9}.Debug|x64.Build.0 = Debug|x64
		{886E4219-4709-4B2C-B52C-55FD605B9FE9}.Debug|x86.ActiveCfg = Debug|Win32
		{886E4219-4709-4B2C-B52C-55FD605B9FE9}.Debug|x86.Build.0 = Debug|Win32
		{886E4219-4709-4B2C-B52C-55FD605B9FE9}.Release|x64.ActiveCfg = Release|x64
		{886E4219-4709-4B2C-B52C-55FD605B9FE9}.Release|x64.Build.0 = Release|x64
		{886E4219-4709-4B2C-B52C-55FD605B9FE9}.Release|x86.ActiveCfg = Release|Win32
		{886E4219-4709-4B2C-B52C-55FD605B9FE9}.Release|x86.Build.0 = Release|Win32
		{0B35F25E-1C6E-4DC2-A116-D9A123EBC788}.Debug|x64.ActiveCfg = Debug|x64
		{0B35F25E-1C6E-4DC2-A116-D9A123EBC788}.Debug|x64.Build.0 = Debug|x64
		{0B35F25E-1C6E-4DC2-A116-D9A123EBC788}.Debug|x86.ActiveCfg = Debug|Win32
		{0B35F25E-1C6E-4DC2-A116-D9A123EBC788}.Debug|x86.Build.0 = Debug|Win32
		{0B35F25E-1C6E-4DC2-A116-D9A123EBC788}.Release|x64.ActiveCfg = Release|x64
		{0B35F25E-1C6E-4DC2-A116-D9A123EBC788}.Release|x64.Build.0 = Release|x64
		{0B35F25E-1C6E-4DC2-A116-D9A123EBC788}.Release|x86.ActiveCfg = Release|Win32
		{0B35F25E-1C6E-4DC2-A116-D9A123EBC788}.Release|x86.Build.0 = Release|Win32
		{FB5C9A97-E7A7-4AA2-9F89-9D5929189E4D}.Debug|x64.ActiveCfg = Debug|x64
		{FB5C9A97-E7A7-4AA2-9F89-9D5929189E4D}.Debug|x64.Build.0 = Debug|x64
		{FB5C9A97-E7A7-4AA2-9F89-9D5929189E4D}.Debug|x86.ActiveCfg = Debug|Win32
		{FB5C9A97-E7A7-4AA2-9F89-9D5929189E4D}.Debug|x86.Build.0 = Debug|Win32
		{FB5C9A97-E7A7-4AA2-9F89-9D5929189E4D}.Release|x64.ActiveCfg = Release|x64
		{FB5C9A97-E7A7-4AA2-9F89-9D5929189E4D}.Release|x64.Build.0 = Release|x64
		{FB5C9A97-E7A7-4AA2-9F89-9D5929189E4D}.Release|x86.ActiveCfg = Release|Win32
		{FB5C9A97-E7A7-4AA2-9F89-9D5929189E4D}.Release|x86.Build.0 = Release|Win32
		{87266A8D-698F-41B5-A7E3-6E3351DF0B5C}.Debug|x64.ActiveCfg = Debug|x64
		{87266A8D-698F-41B5-A7E3-6E3351DF0B5C}.Debug|x64.Build.0 = Debug|x64
		{87266A8D-698F-41B5-A7E3-6E3351DF0B5C}.Debug|x86.ActiveCfg = Debug|Win32
		{87266A8D-698F-41B5-A7E3-6E3351DF0B5C}.Debug|x86.Build.0 = Debug|Win32
		{87266A8D-698F-41B5-A7E3-6E3351DF0B5C}.Release|x64.ActiveCfg = Release|x64
		{87266A8D-698F-41B5-A7E3-6E3351DF0B5C}.Release|x64.Build.0 = Release|x64
		{87266A8D-698F-41B5-A7E3-6E3351DF0B5C}.Release|x86.ActiveCfg = Release|Win32
		{87266A8D-698F-41B5-A7E3-6E3351DF0B5C}.Release|x86.Build.0 = Release|Win32
		{D4EF1128-0957-4191-8FFD-CE8CF78A36F1}.Debug|x64.ActiveCfg = Debug|x64
		{D4EF1128-0957-4191-8FFD-CE8CF78A36F1}.Debug|x64.Build.0 = Debug|x64
		{D4EF1128-0957-4191-8FFD-CE8CF78A36F1}.Debug|x86.ActiveCfg = Debug|Win32
		{D4EF1128-0957-4191-8FFD-CE8CF78A36F1}.Debug|x86.Build.0 = Debug|Win32
		{D4EF1128-0957-4191-8FFD-CE8CF78A36F1}.Release|x64.ActiveCfg = Release|x64
		{D4EF1128-0957-4191-8FFD-CE8CF78A36F1}.Release|x64.Build.0 = Release|x64
		{D4EF1128-0957-4191-8FFD-CE8CF78A36F1}.Release|x86.ActiveCfg = Release|Win32
		{D4EF1128-0957-4191-8FFD-CE8CF78A36F1}.Release|x86.Build.0 = Release|Win32
		{0E55BEA0-6146-4657-865F-99770F2C2522}.Debug|x64.ActiveCfg = Debug|x64
		{0E55BEA0-6146-4657-865F-99770F2C2522}.Debug|x64.Build.0 = Debug|x64
		{0E55BEA0-6146-4657-865F-99770F2C2522}.Debug|x86.ActiveCfg = Debug|Win32
		{0E55BEA0-6146-4657-865F-99770F2C2522}.Debug|x86.Build.0 = Debug|Win32
		{0E55BEA0-6146-4657-865F-99770F2C2522}.Release|x64.ActiveCfg = Release|x64
		{0E55BEA0-6146-4657-865F-99770F2C2522}.Release|x64.Build.0 = Release|x64
		{0E55BEA0-6146-4657-865F-99770F2C2522}.Release|x86.ActiveCfg = Release|Win32
		{0E55BEA0-6146-4657-865F-99770F2C2522}.Release|x86.Build.0 = Release|Win32
		{C0B76144-AA88-4806-9BF4-2927251282F6}.Debug|x64.ActiveCfg = Debug|x64
		{C0B76144-AA88-4806-9BF4-2927251282F6}.Debug|x64.Build.0 = Debug|x64
		{C0B76144-AA88-4806-9BF4-2927251282F6}.Debug|x86.ActiveCfg = Debug|Win32
		{C0B76144-AA88-4806-9BF4-2927251282F6}.Debug|x86.Build.0 = Debug|Win32
		{C0B76144-AA88-4806-9BF4-2927251282F6}.Release|x64.ActiveCfg = Release|x64
		{C0B76144-AA88-4806-9BF4-2927251282F6}.Release|x64.Build.0 = Release|x64
		{C0B76144-AA88-4806-9BF4-2927251282F6}.Release|x86.ActiveCfg = Release|Win32
		{C0B76144-AA88-4806-9BF4-2927251282F6}.Release|x86.Build.0 = Release|Win32
		{1B88B68E-82D2-4CA2-8926-35C8AAAA7C5B}.Debug|x64.ActiveCfg = Debug|x64
		{1B88B68E-82D2-4CA2-8926-35C8AAAA7C5B}.Debug|x64.Build.0 = Debug|x64
		{1B88B68E-82D2-4CA2-8926-35C8AAAA7C5B}.Debug|x86.ActiveCfg = Debug|Win32
		{1B88B68E-82D2-4CA2-8926-35C8AAAA7C5B}.Debug|x86.Build.0 = Debug|Win32
		{1B88B68E-82D2-4CA2-8926-35C8AAAA7C5B}.Release|x64.ActiveCfg = Release|x64
		{1B88B68E-82D2-4CA2-8926-35C8AAAA7C5B}.Release|x64.Build.0 = Release|x64
		{1B88B68E-82D2-4CA2-8926-35C8AAAA7C5B}.Release|x86.ActiveCfg = Release|Win32
		{1B88B68E-82D2-4CA2-8926-35C8AAAA7C5B}.Release|x86.Build.0 = Release|Win32
		{CF3C5B50-91E2-4DB6-9119-732122895EEC}.Debug|x64.ActiveCfg = Debug|x64
		{CF3C5B50-91E2-4DB6-9119-732122895EEC}.Debug|x64.Build.0 = Debug|x64
		{CF3C5B50-91E2-4DB6-9119-732122895EEC}.Debug|x86.ActiveCfg = Debug|Win32
		{CF3C5B50-91E2-4DB6-9119-732122895EEC}.Debug|x86.Build.0 = Debug|Win32
		{CF3C5B50-91E2-4DB6-9119-732122895EEC}.Release|x64.ActiveCfg = Release|x64
		{CF3C5B50-91E2-4DB6-9119-732122895EEC}.Release|x64.Build.0 = Release|x64
		{CF3C5B50-91E2-4DB6-9119-732122895EEC}.Release|x86.ActiveCfg = Release|Win32
		{CF3C5B50-91E2-4DB6-9119-732122895EEC}.Release|x86.Build.0 = Release|Win32
		{6C4E5491-C312-4CD1-9856-0070EB8D4F30}.Debug|x64.ActiveCfg = Debug|x64
		{6C4E5491-C312-4CD1-9856-0070EB8D4F30}.Debug|x64.Build.0 = Debug|x64
		{6C4E5491-C312-4CD1-9856-0070EB8D4F30}.Debug|x86.ActiveCfg = Debug|Win32
		{6C4E5491-C312-4CD1-9856-0070EB8D4F30}.Debug|x86.Build.0 = Debug|Win32
		{6C4E5491-C312-4CD1-9856-0070EB8D4F30}.Release|x64.ActiveCfg = Release|x64
		{6C4E5491-C312-4CD1-9856-0070EB8D4F30}.Release|x64.Build.0 = Release|x64
		{6C4E5491-C312-4CD1-9856-0070EB8D4F30}.Release|x86.ActiveCfg = Release|Win32
		{6C4E5491-C312-4CD1-9856-0070EB8D4F30}.Release|x86.Build.0 = Release|Win32
		{E436BD35-F286-40D7-9B7D-C0081C7C79C2}.Debug|x64.ActiveCfg = Debug|x64
		{E436BD35-F286-40D7-9B7D-C0081C7C79C2}.Debug|x64.Build.0 = Debug|x64
		{E436BD35-F286-40D7-9B7D-C0081C7C79C2}.Debug|x86.ActiveCfg = Debug|Win32
		{E436BD35-F286-40D7-9B7D-C0081C7C79C2}.Debug|x86.Build.0 = Debug|Win32
		{E436BD35-F286-40D7-9B7D-C0081C7C79C2}.Release|x64.ActiveCfg = Release|x64
		{E436BD35-F286-40D7-9B7D-C0081C7C79C2}.Release|x64.Build.0 = Release|x64
		{E436BD35-F286-40D7-9B7D-C0081C7C79C2}.Release|x86.ActiveCfg = Release|Win32
		{E436BD35-F286-40D7-9B7D-C0081C7C79C2}.Release|x86.Build.0 = Release|Win32
		{2E3BC31D-7A8F-49BD-8F90-422925617576}.Debug|x64.ActiveCfg = Debug|x64
		{2E3BC31D-7A8F-49BD-8F90-422925617576}.Debug|x64.Build.0 = Debug|x64
		{2E3BC31D-7A8F-49BD-8F90-422925617576}.Debug|x86.ActiveCfg = Debug|Win32
		{2E3BC31D-7A8F-49BD-8F90-422925617576}.Debug|x86.Build.0 = Debug|Win32
		{2E3BC31D-7A8F-49BD-8F90-422925617576}.Release|x64.ActiveCfg = Release|x64
		{2E3BC31D-7A8F-49BD-8F90-422925617576}.Release|x64.Build.0 = Release|x64
		{2E3BC31D-7A8F-49BD-8F90-422925617576}.Release|x86.ActiveCfg = Release|Win32
		{2E3BC31D-7A8F-49BD-8F90-422925617576}.Release|x86.Build.0 = Release|Win32
		{CCD65A99-78C2-4861-A196-4BD356EBF5E5}.Debug|x64.ActiveCfg = Debug|x64
		{CCD65A99-78C2-4861-A196-4BD356EBF5E5}.Debug|x64.Build.0 = Debug|x64
		{CCD65A99-78C2-4861-A196-4BD356EBF5E5}.Debug|x86.ActiveCfg = Debug|Win32
		{CCD65A99-78C2-4861-A196-4BD356EBF5E5}.Debug|x86.Build.0 = Debug|Win32
		{CCD65A99-78C2-4861-A196-4BD356EBF5E5}.Release|x64.ActiveCfg = Release|x64
		{CCD65A99-78C2-4861-A196-4BD356EBF5E5}.Release|x64.Build.0 = Release|x64
		{CCD65A99-78C2-4861-A196-4BD356EBF5E5}.Release|x86.ActiveCfg = Release|Win32
		{CCD65A99-78C2-4861-A196-4BD356EBF5E5}.Release|x86.Build.0 = Release|Win32
		{464469D6-EACE-4116-8CF4-FF7F0C304168}.Debug|x64.ActiveCfg = Debug|x64
		{464469D6-EACE-4116-8CF4-FF7F0C304168}.Debug|x64.Build.0 = Debug|x64
		{464469D6-EACE-4116-8CF4-FF7F0C304168}.Debug|x86.ActiveCfg = Debug|Win32
		{464469D6-EACE-4116-8CF4-FF7F0C304168}.Debug|x86.Build.0 = Debug|Win32
		{464469D6-EACE-4116-8CF4-FF7F0C304168}.Release|x64.ActiveCfg = Release|x64
		{464469D6-EACE-4116-8CF4-FF7F0C304168}.Release|x64.Build.0 = Release|x64
		{464469D6-EACE-4116-8CF4-FF7F0C304168}.Release|x86.ActiveCfg = Release|Win32
		{464469D6-EACE-4116-8CF4-FF7F0C304168}.Release|x86.Build.0 = Release|Win32
		{F3DD569D-3DCD-4DCF-B1CB-514535A94224}.Debug|x64.ActiveCfg = Debug|x64
		{F3DD569D-3DCD-4DCF-B1CB-514535A94224}.Debug|x64.Build.0 = Debug|x64
		{F3DD569D-3DCD-4DCF-B1CB-514535A94224}.Debug|x86.ActiveCfg = Debug|Win32
		{F3DD569D-3DCD-4DCF-B1CB-514535A94224}.Debug|x86.Build.0 = Debug|Win32
		{F3DD569D-3DCD-4DCF-B1CB-514535A94224}.Release|x64.ActiveCfg = Release|x64
		{F3DD569D-3DCD-4DCF-B1CB-514535A94224}.Release|x64.Build.0 = Release|x64
		{F3DD569D-3DCD-4DCF-B1CB-514535A94224}.Release|x86.ActiveCfg = Release|Win32
		{F3DD569D-3DCD-4DCF-B1CB-514535A94224}.Release|x86.Build.0 = Release|Win32
		{1B4B89DC-3338-40B6-A53A-B5E2A7D88363}.Debug|x64.ActiveCfg = Debug|x64
		{1B4B89DC-3338-40B6-A53A-B5E2A7D88363}.Debug|x64.Build.0 = Debug|x64
		{1B4B89DC-3338-40B6-A53A-B5E2A7D88363}.Debug|x86.ActiveCfg = Debug|Win32
		{1B4B89DC-3338-40B6-A53A-B5E2A7D88363}.Debug|x86.Build.0 = Debug|Win32
		{1B4B89DC-3338-40B6-A53A-B5E2A7D88363}.Release|x64.ActiveCfg = Release|x64
		{1B4B89DC-3338-40B6-A53A-B5E2A7D88363}.Release|x64.Build.0 = Release|x64
		{1B4B89DC-3338-40B6-A53A-B5E2A7D88363}.Release|x86.ActiveCfg = Release|Win32
		{1B4B89DC-3338-40B6-A53A-B5E2A7D88363}.Release|x86.Build.0 = Release|Win32
		{5F81C4F9-AD16-4A0A-B1A6-01A9D91DE008}.Debug|x64.ActiveCfg = Debug|x64
		{5F81C4F9-AD16-4A0A-B1A6-01A9D91DE008}.Debug|x64.Build.0 = Debug|x64
		{5F81C4F9-AD16-4A0A-B1A6-01A9D91DE008}.Debug|x86.ActiveCfg = Debug|Win32
		{5F81C4F9-AD16-4A0A-B1A6-01A9D91DE008}.Debug|x86.Build.0 = Debug|Win32
		{5F81C4F9-AD16-4A0A-B1A6-01A9D91DE008}.Release|x64.ActiveCfg = Release|x64
		{5F81C4F9-AD16-4A0A-B1A6-01A9D91DE008}.Release|x64.Build.0 = Release|x64
		{5F81C4F9-AD16-4A0A-B1A6-01A9D91DE008}.Release|x86.ActiveCfg = Release|Win32
		{5F81C4F9-AD16-4A0A-B1A6-01A9D91DE008}.Release|x86.Build.0 = Release|Win32
		{CE611397-5B02-46DB-AB25-C28B695E6259}.Debug|x64.ActiveCfg = Debug|x64
		{CE611397-5B02-46DB-AB25-C28B695E6259}.Debug|x64.Build.0 = Debug|x64
		{CE611397-5B02-46DB-AB25-C28B695E6259}.Debug|x86.ActiveCfg = Debug|Win32
		{CE611397-5B02-46DB-AB25-C28B695E6259}.Debug|x86.Build.0 = Debug|Win32
		{CE611397-5B02-46DB-AB25-C28B695E6259}.Release|x64.ActiveCfg = Release|x64
		{CE611397-5B02-46DB-AB25-C28B695E6259}.Release|x64.Build.0 = Release|x64
		{CE611397-5B02-46DB-AB25-C28B695E6259}.Release|x86.ActiveCfg = Release|Win32
		{CE611397-5B02-46DB-AB25-C28B695E6259}.Release|x86.Build.0 = Release|Win32
		{C28E8A91-DD39-4F08-B9FE-43DC6BF71AED}.Debug|x64.ActiveCfg = Debug|x64
		{C28E8A91-DD39-4F08-B9FE-43DC6BF71AED}.Debug|x64.Build.0 = Debug|x64
		{C28E8A91-DD39-4F08-B9FE-43DC6BF71AED}.Debug|x86.ActiveCfg = Debug|Win32
		{C28E8A91-DD39-4F08-B9FE-43DC6BF71AED}.Debug|x86.Build.0 = Debug|Win32
		{C28E8A91-DD39-4F08-B9FE-43DC6BF71AED}.Release|x64.ActiveCfg = Release|x64
		{C28E8A91-DD39-4F08-B9FE-43DC6BF71AED}.Release|x64.Build.0 = Release|x64
		{C28E8A91-DD39-4F08-B9FE-43DC6BF71AED}.Release|x86.ActiveCfg = Release|Win32
		{C28E8A91-DD39-4F08-B9FE-43DC6BF71AED}.Release|x86.Build.0 = Release|Win32
		{8E1CC9B8-E1A7-4DBD-B2FD-5C112A150586}.Debug|x64.ActiveCfg = Debug|x64
		{8E1CC9B8-E1A7-4DBD-B2FD-5C112A150586}.Debug|x64.Build.0 = Debug|x64
		{8E1CC9B8-E1A7-4DBD-B2FD-5C112A150586}.Debug|x86.ActiveCfg = Debug|Win32
		{8E1CC9B8-E1A7-4DBD-B2FD-5C112A150586}.Debug|x86.Build.0 = Debug|Win32
		{8E1CC9B8-E1A7-4DBD-B2FD-5C112A150586}.Release|x64.ActiveCfg = Release|x64
		{8E1CC9B8-E1A7-4DBD-B2FD-5C112A150586}.Release|x64.Build.0 = Release|x64
		{8E1CC9B8-E1A7-4DBD-B2FD-5C112A150586}.Release|x86.ActiveCfg = Release|Win32
		{8E1CC9B8-E1A7-4DBD-B2FD-5C112A150586}.Release|x86.Build.0 = Release|Win32
		{5293D9F6-29DE-4CA3-BA67-0F2C9B3264A0}.Debug|x64.ActiveCfg = Debug|x64
		{5293D9F6-29DE-4CA3-BA67-0F2C9B3264A0}.Debug|x64.Build.0 = Debug|x64
		{5293D9F6-29DE-4CA3-BA67-0F2C9B3264A0}.Debug|x86.ActiveCfg = Debug|Win32
		{5293D9F6-29DE-4CA3-BA67-0F2C9B3264A0}.Debug|x86.Build.0 = Debug|Win32
		{5293D9F6-29DE-4CA3-BA67-0F2C9B3264A0}.Release|x64.ActiveCfg = Release|x64
		{5293D9F6-29DE-4CA3-BA67-0F2C9B3264A0}.Release|x64.Build.0 = Release|x64
		{5293D9F6-29DE-4CA3-BA67-0F2C9B3264A0}.Release|x86.ActiveCfg = Release|Win32
		{5293D9F6-29DE-4CA3-BA67-0F2C9B3264A0}.Release|x86.Build.0 = Release|Win32
		{1813728F-F003-49E7-94E5-CEB91B952652}.Debug|x64.ActiveCfg = Debug|x64
		{1813728F-F003-49E7-94E5-CEB91B952652}.Debug|x64.Build.0 = Debug|x64
		{1813728F-F003-49E7-94E5-CEB91B952652}.Debug|x86.ActiveCfg = Debug|Win32
		{1813728F-F003-49E7-94E5-CEB91B952652}.Debug|x86.Build.0 = Debug|Win32
		{1813728F-F003-49E7-94E5-CEB91B952652}.Release|x64.ActiveCfg = Release|x64
		{1813728F-F003-49E7-94E5-CEB91B952652}.Release|x64.Build.0 = Release|x64
		{1813728F-F003-49E7-94E5-CEB91B952652}.Release|x86.ActiveCfg = Release|Win32
		{1813728F-F003-49E7-94E5-CEB91B952652}.Release|x86.Build.0 = Release|Win32
		{0F255C32-372D-481E-BA6F-584AECFBA121}.Debug|x64.ActiveCfg = Debug|x64
		{0F255C32-372D-481E-BA6F-584AECFBA121}.Debug|x64.Build.0 = Debug|x64
		{0F255C32-372D-481E-BA6F-584AECFBA121}.Debug|x86.ActiveCfg = Debug|Win32
		{0F255C32-372D-481E-BA6F-584AECFBA121}.Debug|x86.Build.0 = Debug|Win32
		{0F255C32-372D-481E-BA6F-584AECFBA121}.Release|x64.ActiveCfg = Release|x64
		{0F255C32-372D-481E-BA6F-584AECFBA121}.Release|x64.Build.0 = Release|x64
		{0F255C32-372D-481E-BA6F-584AECFBA121}.Release|x86.ActiveCfg = Release|Win32
		{0F255C32-372D-481E-BA6F-584AECFBA121}.Release|x86.Build.0 = Release|Win32
		{21515AA2-2F89-48B5-B84F-A9F3E5767851}.Debug|x64.ActiveCfg = Debug|x64
		{21515AA2-2F89-48B5-B84F-A9F3E5767851}.Debug|x64.Build.0 = Debug|x64
		{21515AA2-2F89-48B5-B84F-A9F3E5767851}.Debug|x86.ActiveCfg = Debug|Win32
		{21515AA2-2F89-48B5-B84F-A9F3E5767851}.Debug|x86.Build.0 = Debug|Win32
		{21515AA2-2F89-48B5-B84F-A9F3E5767851}.Release|x64.ActiveCfg = Release|x64
		{21515AA2-2F89-48B5-B84F-A9F3E5767851}.Release|x64.Build.0 = Release|x64
		{21515AA2-2F89-48B5-B84F-A9F3E5767851}.Release|x86.ActiveCfg = Release|Win32
		{21515AA2-2F89-48B5-B84F-A9F3E5767851}.Release|x86.Build.0 = Release|Win32
		{3B18CC22-3576-418D-9255-A6CDB1D60204}.Debug|x64.ActiveCfg = Debug|x64
		{3B18CC22-3576-418D-9255-A6CDB1D60204}.Debug|x64.Build.0 = Debug|x64
		{3B18CC22-3576-418D-9255-A6CDB1D60204}.Debug|x86.ActiveCfg = Debug|Win32
		{3B18CC22-3576-418D-9255-A6CDB1D60204}.Debug|x86.Build.0 = Debug|Win32
		{3B18CC22-3576-418D-9255-A6CDB1D60204}.Release|x64.ActiveCfg = Release|x64
		{3B18CC22-3576-418D-9255-A6CDB1D60204}.Release|x64.Build.0 = Release|x64
		{3B18CC22-3576-418D-9255-A6CDB1D60204}.Release|x86.ActiveCfg = Release|Win32
		{3B18CC22-3576-418D-9255-A6CDB1D60204}.Release|x86.Build.0 = Release|Win32
		{6D60F795-D6DC-42E4-8678-1BF22AA09BAC}.Debug|x64.ActiveCfg = Debug|x64
		{6D60F795-D6DC-42E4-8678-1BF22AA09BAC}.Debug|x64.Build.0 = Debug|x64
		{6D60F795-D6DC-42E4-8678-1BF22AA09BAC}.Debug|x86.ActiveCfg = Debug|Win32
		{6D60F795-D6DC-42E4-8678-1BF22AA09BAC}.Debug|x86.Build.0 = Debug|Win32
		{6D60F795-D6DC-42E4-8678-1BF22AA09BAC}.Release|x64.ActiveCfg = Release|x64
		{6D60F795-D6DC-42E4-8678-1BF22AA09BAC}.Release|x64.Build.0 = Release|x64
		{6D60F795-D6DC-42E4-8678-1BF22AA09BAC}.Release|x86.ActiveCfg = Release|Win32
		{6D60F795-D6DC-42E4-8678-1BF22AA09BAC}.Release|x86.Build.0 = Release|Win32
		{73F7DE3F-82EF-4804-9319-74AA3C0E8CFD}.Debug|x64.ActiveCfg = Debug|x64
		{73F7DE3F-82EF-4804-9319-74AA3C0E8CFD}.Debug|x64.Build.0 = Debug|x64
		{73F7DE3F-82EF-4804-9319-74AA3C0E8CFD}.Debug|x86.ActiveCfg = Debug|Win32
		{73F7DE3F-82EF-4804-9319-74AA3C0E8CFD}.Debug|x86.Build.0 = Debug|Win32
		{73F7DE3F-82EF-4804-9319-74AA3C0E8CFD}.Release|x64.ActiveCfg = Release|x64
		{73F7DE3F-82EF-4804-9319-74AA3C0E8CFD}.Release|x64.Build.0 = Release|x64
		{73F7DE3F-82EF-4804-9319-74AA3C0E8CFD}.Release|x86.ActiveCfg = Release|Win32
		{73F7DE3F-82EF-4804-9319-74AA3C0E8CFD}.Release|x86.Build.0 = Release|Win32
		{0BB86C49-72E5-4190-8728-73E164EDFB32}.Debug|x64.ActiveCfg = Debug|x64
		{0BB86C49-72E5-4190-8728-73E164EDFB32}.Debug|x64.Build.0 = Debug|x64
		{0BB86C49-72E5-4190-8728-73E164EDFB32}.Debug|x86.ActiveCfg = Debug|Win32
		{0BB86C49-72E5-4190-8728-73E164EDFB32}.Debug|x86.Build.0 = Debug|Win32
		{0BB86C49-72E5-4190-8728-73E164EDFB32}.Release|x64.ActiveCfg = Release|x64
		{0BB86C49-72E5-4190-8728-73E164EDFB32}.Release|x64.Build.0 = Release|x64
		{0BB86C49-72E5-4190-8728-73E164EDFB32}.Release|x86.ActiveCfg = Release|Win32
		{0BB86C49-72E5-4190-8728-73E164EDFB32}.Release|x86.Build.0 = Release|Win32
		{5BB9223E-3696-48FF-8E71-AF73B649F452}.Debug|x64.ActiveCfg = Debug|x64
		{5BB9223E-3696-48FF-8E71-AF73B649F452}.Debug|x64.Build.0 = Debug|x64
		{5BB9223E-3696-48FF-8E71-AF73B649F452}.Debug|x86.ActiveCfg = Debug|Win32
		{5BB9223E-3696-48FF-8E71-AF73B649F452}.Debug|x86.Build.0 = Debug|Win32
		{5BB9223E-3696-48FF-8E71-AF73B649F452}.Release|x64.ActiveCfg = Release|x64
		{5BB9223E-3696-48FF-8E71-AF73B649F452}.Release|x64.Build.0 = Release|x64
		{5BB9223E-3696-48FF-8E71-AF73B649F452}.Release|x86.ActiveCfg = Release|Win32
		{5BB9223E-3696-48FF-8E71-AF73B649F452}.Release|x86.Build.0 = Release|Win32
		{DF46CC0F-7F5C-4976-825B-DE840DC57582}.Debug|x64.ActiveCfg = Debug|x64
		{DF46CC0F-7F5C-4976-825B-DE840DC57582}.Debug|x64.Build.0 = Debug|x64
		{DF46CC0F-7F5C-4976-825B-DE840DC57582}.Debug|x86.ActiveCfg = Debug|Win32
		{DF46CC0F-7F5C-4976-825B-DE840DC57582}.Debug|x86.Build.0 = Debug|Win32
		{DF46CC0F-7F5C-4976-825B-DE840DC57582}.Release|x64.ActiveCfg = Release|x64
		{DF46CC0F-7F5C-4976-825B-DE840DC57582}.Release|x64.Build.0 = Release|x64
		{DF46CC0F-7F5C-4976-825B-DE840DC57582}.Release|x86.ActiveCfg = Release|Win32
		{DF46CC0F-7F5C-4976-825B-DE840DC57582}.Release|x86.Build.0 = Release|Win32
		{597E0284-2963-44EB-B5F2-79240CF6083C}.Debug|x64.ActiveCfg = Debug|x64
		{597E0284-2963-44EB-B5F2-79240CF6083C}.Debug|x64.Build.0 = Debug|x64
		{597E0284-2963-44EB-B5F2-79240CF6083C}.Debug|x86.ActiveCfg = Debug|Win32
		{597E0284-2963-44EB-B5F2-79240CF6083C}.Debug|x86.Build.0 = Debug|Win32
		{597E0284-2963-44EB-B5F2-79240CF6083C}.Release|x64.ActiveCfg = Release|x64
		{597E0284-2963-44EB-B5F2-79240CF6083C}.Release|x64.Build.0 = Release|x64
		{597E0284-2963-44EB-B5F2-79240CF6083C}.Release|x86.ActiveCfg = Release|Win32
		{597E0284-2963-44EB-B5F2-79240CF6083C}.Release|x86.Build.0 = Release|Win32
		{18D30A85-9E8E-474A-ABAE-6E867C930DE6}.Debug|x64.ActiveCfg = Debug|x64
		{18D30A85-9E8E-474A-ABAE-6E867C930DE6}.Debug|x64.Build.0 = Debug|x64
		{18D30A85-9E8E-474A-ABAE-6E867C930DE6}.Debug|x86.ActiveCfg = Debug|Win32
		{18D30A85-9E8E-474A-ABAE-6E867C930DE6}.Debug|x86.Build.0 = Debug|Win32
		{18D30A85-9E8E-474A-ABAE-6E867C930DE6}.Release|x64.ActiveCfg = Release|x64
		{18D30A85-9E8E-474A-ABAE-6E867C930DE6}.Release|x64.Build.0 = Release|x64
		{18D30A85-9E8E-474A-ABAE-6E867C930DE6}.Release|x86.ActiveCfg = Release|Win32
		{18D30A85-9E8E-474A-ABAE-6E867C930DE6}.Release|x86.Build.0 = Release|Win32
		{4DDE9B73-252F-401C-ADE3-AB7B5626CE9D}.Debug|x64.ActiveCfg = Debug|x64
		{4DDE9B73-252F-401C-ADE3-AB7B5626CE9D}.Debug|x64.Build.0 = Debug|x64
		{4DDE9B73-252F-401C-ADE3-AB7B5626CE9D}.Debug|x86.ActiveCfg = Debug|Win32
		{4DDE9B73-252F-401C-ADE3-AB7B5626CE9D}.Debug|x86.Build.0 = Debug|Win32
		{4DDE9B73-252F-401C-ADE3-AB7B5626CE9D}.Release|x64.ActiveCfg = Release|x64
		{4DDE9B73-252F-401C-ADE3-AB7B5626CE9D}.Release|x64.Build.0 = Release|x64
		{4DDE9B73-252F-401C-ADE3-AB7B5626CE9D}.Release|x86.ActiveCfg = Release|Win32
		{4DDE9B73-252F-401C-ADE3-AB7B5626CE9D}.Release|x86.Build.0 = Release|Win32
		{3DE9424A-8D5B-4AA9-BF8B-568759A24410}.Debug|x64.ActiveCfg = Debug|x64
		{3DE9424A-8D5B-4AA9-BF8B-568759A24410}.Debug|x64.Build.0 = Debug|x64
		{3DE9424A-8D5B-4AA9-BF8B-568759A24410}.Debug|x86.ActiveCfg = Debug|Win32
		{3DE9424A-8D5B-4AA9-BF8B-568759A24410}.Debug|x86.Build.0 = Debug|Win32
		{3DE9424A-8D5B-4AA9-BF8B-568759A24410}.Release|x64.ActiveCfg = Release|x64
		{3DE9424A-8D5B-4AA9-BF8B-568759A24410}.Release|x64.Build.0 = Release|x64
		{3DE9424A-8D5B-4AA9-BF8B-568759A24410}.Release|x86.ActiveCfg = Release|Win32
		{3DE9424A-8D5B-4AA9-BF8B-568759A24410}.Release|x86.Build.0 = Release|Win32
		{205C1D56-FBC2-4E0A-B3A5-6C32D0AB4799}.Debug|x64.ActiveCfg = Debug|x64
		{205C1D56-FBC2-4E0A-B3A5-6C32D0AB4799}.Debug|x64.Build.0 = Debug|x64
		{205C1D56-FBC2-4E0A-B3A5-6C32D0AB4799}.Debug|x86.ActiveCfg = Debug|Win32
		{205C1D56-FBC2-4E0A-B3A5-6C32D0AB4799}.Debug|x86.Build.0 = Debug|Win32
		{205C1D56-FBC2-4E0A-B3A5-6C32D0AB4799}.Release|x64.ActiveCfg = Release|x64
		{205C1D56-FBC2-4E0A-B3A5-6C32D0AB4799}.Release|x64.Build.0 = Release|x64
		{205C1D56-FBC2-4E0A-B3A5-6C32D0AB4799}.Release|x86.ActiveCfg = Release|Win32
		{205C1D56-FBC2-4E0A-B3A5-6C32D0AB4799}.Release|x86.Build.0 = Release|Win32
		{D05B0A1E-C42B-44EB-89B5-41E5FCF78C31}.Debug|x64.ActiveCfg = Debug|x64
		{D05B0A1E-C42B-44EB-89B5-41E5FCF78C31}.Debug|x64.Build.0 = Debug|x64
		{D05B0A1E-C42B-44EB-89B5-41E5FCF78C31}.Debug|x86.ActiveCfg = Debug|Win32
		{D05B0A1E-C42B-44EB-89B5-41E5FCF78C31}.Debug|x86.Build.0 = Debug|Win32
		{D05B0A1E-C42B-44EB-89B5-41E5FCF78C31}.Release|x64.ActiveCfg = Release|x64
		{D05B0A1E-C42B-44EB-89B5-41E5FCF78C31}.Release|x64.Build.0 = Release|x64
		{D05B0A1E-C42B-44EB-89B5-41E5FCF78C31}.Release|x86.ActiveCfg = Release|Win32
		{D05B0A1E-C42B-44EB-89B5-41E5FCF78C31}.Release|x86.Build.0 = Release|Win32
		{A4D7A7BC-F8AD-434D-B93B-172DCD4AC0D5}.Debug|x64.ActiveCfg = Debug|x64
		{A4D7A7BC-F8AD-434D-B93B-172DCD4AC0D5}.Debug|x64.Build.0 = Debug|x64
		{A4D7A7BC-F8AD-434D-B93B-172DCD4AC0D5}.Debug|x86.ActiveCfg = Debug|Win32
		{A4D7A7BC-F8AD-434D-B93B-172DCD4AC0D5}.Debug|x86.Build.0 = Debug|Win32
		{A4D7A7BC-F8AD-434D-B93B-172DCD4AC0D5}.Release|x64.ActiveCfg = Release|x64
		{A4D7A7BC-F8AD-434D-B93B-172DCD4AC0D5}.Release|x64.Build.0 = Release|x64
		{A4D7A7BC-F8AD-434D-B93B-172DCD4AC0D5}.Release|x86.ActiveCfg = Release|Win32
		{A4D7A7BC-F8AD-434D-B93B-172DCD4AC0D5}.Release|x86.Build.0 = Release|Win32
		{A40A656D-8A65-4CE8-BB13-A59D7C5D4C93}.Debug|x64.ActiveCfg = Debug|x64
		{A40A656D-8A65-4CE8-BB13-A59D7C5D4C93}.Debug|x64.Build.0 = Debug|x64
		{A40A656D-8A65-4CE8-BB13-A59D7C5D4C93}.Debug|x86.ActiveCfg = Debug|Win32
		{A40A656D-8A65-4CE8-BB13-A59D7C5D4C93}.Debug|x86.Build.0 = Debug|Win32
		{A40A656D-8A65-4CE8-BB13-A59D7C5D4C93}.Release|x64.ActiveCfg = Release|x64
		{A40A656D-8A65-4CE8-BB13-A59D7C5D4C93}.Release|x64.Build.0 = Release|x64
		{A40A656D-8A65-4CE8-BB13-A59D7C5D4C93}.Release|x86.ActiveCfg = Release|Win32
		{A40A656D-8A65-4CE8-BB13-A59D7C5D4C93}.Release|x86.Build.0 = Release|Win32
		{A0387D0D-EE91-4759-8359-758B7B3C634C}.Debug|x64.ActiveCfg = Debug|x64
		{A0387D0D-EE91-4759-8359-758B7B3C634C}.Debug|x64.Build.0 = Debug|x64
		{A0387D0D-EE91-4759-8359-758B7B3C634C}.Debug|x86.ActiveCfg = Debug|Win32
		{A0387D0D-EE91-4759-8359-758B7B3C634C}.Debug|x86.Build.0 = Debug|Win32
		{A0387D0D-EE91-4759-8359-758B7B3C634C}.Release|x64.ActiveCfg = Release|x64
		{A0387D0D-EE91-4759-8359-758B7B3C634C}.Release|x64.Build.0 = Release|x64
		{A0387D0D-EE91-4759-8359-758B7B3C634C}.Release|x86.ActiveCfg = Release|Win32
		{A0387D0D-EE91-4759-8359-758B7B3C634C}.Release|x86.Build.0 = Release|Win32
		{15B8D7B2-EFE0-4280-9383-319902CEE47E}.Debug|x64.ActiveCfg = Debug|x64
		{15B8D7B2-EFE0-4280-9383-319902CEE47E}.Debug|x64.Build.0 = Debug|x64
		{15B8D7B2-EFE0-4280-9383-319902CEE47E}.Debug|x86.ActiveCfg = Debug|Win32
		{15B8D7B2-EFE0-4280-9383-319902CEE47E}.Debug|x86.Build.0 = Debug|Win32
		{15B8D7B2-EFE0-4280-9383-319902CEE47E}.Release|x64.ActiveCfg = Release|x64
		{15B8D7B2-EFE0-4280-9383-319902CEE47E}.Release|x64.Build.0 = Release|x64
		{15B8D7B2-EFE0-4280-9383-319902CEE47E}.Release|x86.ActiveCfg = Release|Win32
		{15B8D7B2-EFE0-4280-9383-319902CEE47E}.Release|x86.Build.0 = Release|Win32
		{3D2389A7-32A9-446F-874D-E6421531F6AA}.Debug|x64.ActiveCfg = Debug|x64
		{3D2389A7-32A9-446F-874D-E6421531F6AA}.Debug|x64.Build.0 = Debug|x64
		{3D2389A7-32A9-446F-874D-E6421531F6AA}.Debug|x86.ActiveCfg = Debug|Win32
		{3D2389A7-32A9-446F-874D-E6421531F6AA}.Debug|x86.Build.0 = Debug|Win32
		{3D2389A7-32A9-446F-874D-E6421531F6AA}.Release|x64.ActiveCfg = Release|x64
		{3D2389A7-32A9-446F-874D-E6421531F6AA}.Release|x64.Build.0 = Release|x64
		{3D2389A7-32A9-446F-874D-E6421531F6AA}.Release|x86.ActiveCfg = Release|Win32
		{3D2389A7-32A9-446F-874D-E6421531F6AA}.Release|x86.Build.0 = Release|Win32
		{17F2860E-652D-4A8F-B759-DA896BF439D6}.Debug|x64.ActiveCfg = Debug|x64
		{17F2860E-652D-4A8F-B759-DA896BF439D6}.Debug|x64.Build.0 = Debug|x64
		{17F2860E-652D-4A8F-B759-DA896BF439D6}.Debug|x86.ActiveCfg = Debug|Win32
		{17F2860E-652D-4A8F-B759-DA896BF439D6}.Debug|x86.Build.0 = Debug|Win32
		{17F2860E-652D-4A8F-B759-DA896BF439D6}.Release|x64.ActiveCfg = Release|x64
		{17F2860E-652D-4A8F-B759-DA896BF439D6}.Release|x64.Build.0 = Release|x64
		{17F2860E-652D-4A8F-B759-DA896BF439D6}.Release|x86.ActiveCfg = Release|Win32
		{17F2860E-652D-4A8F-B759-DA896BF439D6}.Release|x86.Build.0 = Release|Win32
		{A26048F3-E885-4C98-A5AF-7E529E77DC24}.Debug|x64.ActiveCfg = Debug|x64
		{A26048F3-E885-4C98-A5AF-7E529E77DC24}.Debug|x64.Build.0 = Debug|x64
		{A26048F3-E885-4C98-A5AF-7E529E77DC24}.Debug|x86.ActiveCfg = Debug|Win32
		{A26048F3-E885-4C98-A5AF-7E529E77DC24}.Debug|x86.Build.0 = Debug|Win32
		{A26048F3-E885-4C98-A5AF-7E529E77DC24}.Release|x64.ActiveCfg = Release|x64
		{A26048F3-E885-4C98-A5AF-7E529E77DC24}.Release|x64.Build.0 = Release|x64
		{A26048F3-E885-4C98-A5AF-7E529E77DC24}.Release|x86.ActiveCfg = Release|Win32
		{A26048F3-E885-4C98-A5AF-7E529E77DC24}.Release|x86.Build.0 = Release|Win32
		{D0D21712-2E9F-4BF4-890A-33B68C9E8578}.Debug|x64.ActiveCfg = Debug|x64
		{D0D21712-2E9F-4BF4-890A-33B68C9E8578}.Debug|x64.Build.0 = Debug|x64
		{D0D21712-2E9F-4BF4-890A-33B68C9E8578}.Debug|x86.ActiveCfg = Debug|Win32
		{D0D21712-2E9F-4BF4-890A-33B68C9E8578}.Debug|x86.Build.0 = Debug|Win32
		{D0D21712-2E9F-4BF4-890A-33B68C9E8578}.Release|x64.ActiveCfg = Release|x64
		{D0D21712-2E9F-4BF4-890A-33B68C9E8578}.Release|x64.Build.0 = Release|x64
		{D0D21712-2E9F-4BF4-890A-33B68C9E8578}.Release|x86.ActiveCfg = Release|Win32
		{D0D21712-2E9F-4BF4-890A-33B68C9E8578}.Release|x86.Build.0 = Release|Win32
		{AB7A3A5D-509A-419C-843A-2AD5278FE27E}.Debug|x64.ActiveCfg = Debug|x64
		{AB7A3A5D-509A-419C-843A-2AD5278FE27E}.Debug|x64.Build.0 = Debug|x64
		{AB7A3A5D-509A-419C-843A-2AD5278FE27E}.Debug|x86.ActiveCfg = Debug|Win32
		{AB7A3A5D-509A-419C-843A-2AD5278FE27E}.Debug|x86.Build.0 = Debug|Win32
		{AB7A3A5D-509A-419C-843A-2AD5278FE27E}.Release|x64.ActiveCfg = Release|x64
		{AB7A3A5D-509A-419C-843A-2AD5278FE27E}.Release|x64.Build.0 = Release|x64
		{AB7A3A5D-509A-419C-843A-2AD5278FE27E}.Release|x86.ActiveCfg = Release|Win32
		{AB7A3A5D-509A-419C-843A-2AD5278FE27E}.Release|x86.Build.0 = Release|Win32
		{31E15424-B71F-4386-BF32-C759C34BF7A3}.Debug|x64.ActiveCfg = Debug|x64
		{31E15424-B71F-4386-BF32-C759C34BF7A3}.Debug|x64.Build.0 = Debug|x64
		{31E15424-B71F-4386-BF32-C759C34BF7A3}.Debug|x86.ActiveCfg = Debug|Win32
		{31E15424-B71F-4386-BF32-C759C34BF7A3}.Debug|x86.Build.0 = Debug|Win32
		{31E15424-B71F-4386-BF32-C759C34BF7A3}.Release|x64.ActiveCfg = Release|x64
		{31E15424-B71F-4386-BF32-C759C34BF7A3}.Release|x64.Build.0 = Release|x64
		{31E15424-B71F-4386-BF32-C759C34BF7A3}.Release|x86.ActiveCfg = Release|Win32
		{31E15424-B71F-4386-BF32-C759C34BF7A3}.Release|x86.Build.0 = Release|Win32
		{716D8772-6EE7-4EFB-8870-70A464F8F835}.Debug|x64.ActiveCfg = Debug|x64
		{716D8772-6EE7-4EFB-8870-70A464F8F835}.Debug|x64.Build.0 = Debug|x64
		{716D8772-6EE7-4EFB-8870-70A464F8F835}.Debug|x86.ActiveCfg = Debug|Win32
		{716D8772-6EE7-4EFB-8870-70A464F8F835}.Debug|x86.Build.0 = Debug|Win32
		{716D8772-6EE7-4EFB-8870-70A464F8F835}.Release|x64.ActiveCfg = Release|x64
		{716D8772-6EE7-4EFB-8870-70A464F8F835}.Release|x64.Build.0 = Release|x64
		{716D8772-6EE7-4EFB-8870-70A464F8F835}.Release|x86.ActiveCfg = Release|Win32
		{716D8772-6EE7-4EFB-8870-70A464F8F835}.Release|x86.Build.0 = Release|Win32
		{79BF3ACC-C0B3-48FA-B505-0A8399100668}.Debug|x64.ActiveCfg = Debug|x64
		{79BF3ACC-C0B3-48FA-B505-0A8399100668}.Debug|x64.Build.0 = Debug|x64
		{79BF3ACC-C0B3-48FA-B505-0A8399100668}.Debug|x86.ActiveCfg = Debug|Win32
		{79BF3ACC-C0B3-48FA-B505-0A8399100668}.Debug|x86.Build.0 = Debug|Win32
		{79BF3ACC-C0B3-48FA-B505-0A8399100668}.Release|x64.ActiveCfg = Release|x64
		{79BF3ACC-C0B3-48FA-B505-0A8399100668}.Release|x64.Build.0 = Release|x64
		{79BF3ACC-C0B3-48FA-B505-0A8399100668}.Release|x86.ActiveCfg = Release|Win32
		{79BF3ACC-C0B3-48FA-B505-0A8399100668}.Release|x86.Build.0 = Release|Win32
		{8AC975A1-37A8-421A-A8D0-A900E029A83C}.Debug|x64.ActiveCfg = Debug|x64
		{8AC975A1-37A8-421A-A8D0-A900E029A83C}.Debug|x64.Build.0 = Debug|x64
		{8AC975A1-37A8-421A-A8D0-A900E029A83C}.Debug|x86.ActiveCfg = Debug|Win32
		{8AC975A1-37A8-421A-A8D0-A900E029A83C}.Debug|x86.Build.0 = Debug|Win32
		{8AC975A1-37A8-421A-A8D0-A900E029A83C}.Release|x64.ActiveCfg = Release|x64
		{8AC975A1-37A8-421A-A8D0-A900E029A83C}.Release|x64.Build.0 = Release|x64
		{8AC975A1-37A8-421A-A8D0-A900E029A83C}.Release|x86.ActiveCfg = Release|Win32
		{8AC975A1-37A8-421A-A8D0-A900E029A83C}.Release|x86.Build.0 = Release|Win32
		{B21701AB-872B-4F92-BD34-8BA16205C7CA}.Debug|x64.ActiveCfg = Debug|x64
		{B21701AB-872B-4F92-BD34-8BA16205C7CA}.Debug|x64.Build.0 = Debug|x64
		{B21701AB-872B-4F92-BD34-8BA16205C7CA}.Debug|x86.ActiveCfg = Debug|Win32
		{B21701AB-872B-4F92-BD34-8BA16205C7CA}.Debug|x86.Build.0 = Debug|Win32
		{B21701AB-872B-4F92-BD34-8BA16205C7CA}.Release|x64.ActiveCfg = Release|x64
		{B21701AB-872B-4F92-BD34-8BA16205C7CA}.Release|x64.Build.0 = Release|x64
		{B21701AB-872B-4F92-BD34-8BA16205C7CA}.Release|x86.ActiveCfg = Release|Win32
		{B21701AB-872B-4F92-BD34-8BA16205C7CA}.Release|x86.Build.0 = Release|Win32
		{C14C2EA6-5C42-4B67-98E4-18A6780D6A7E}.Debug|x64.ActiveCfg = Debug|x64
		{C14C2EA6-5C42-4B67-98E4-18A6780D6A7E}.Debug|x64.Build.0 = Debug|x64
		{C14C2EA6-5C42-4B67-98E4-18A6780D6A7E}.Debug|x86.ActiveCfg = Debug|Win32
		{C14C2EA6-5C42-4B67-98E4-18A6780D6A7E}.Debug|x86.Build.0 = Debug|Win32
		{C14C2EA6-5C42-4B67-98E4-18A6780D6A7E}.Release|x64.ActiveCfg = Release|x64
		{C14C2EA6-5C42-4B67-98E4-18A6780D6A7E}.Release|x64.Build.0 = Release|x64
		{C14C2EA6-5C42-4B67-98E4-18A6780D6A7E}.Release|x86.ActiveCfg = Release|Win32
		{C14C2EA6-5C42-4B67-98E4-18A6780D6A7E}.Release|x86.Build.0 = Release|Win32
		{7E80E89A-9761-496E-BC00-8963D542BCC5}.Debug|x64.ActiveCfg = Debug|x64
		{7E80E89A-9761-496E-BC00-8963D542BCC5}.Debug|x64.Build.0 = Debug|x64
		{7E80E89A-9761-496E-BC00-8963D542BCC5}.Debug|x86.ActiveCfg = Debug|Win32
		{7E80E89A-9761-496E-BC00-8963D542BCC5}.Debug|x86.Build.0 = Debug|Win32
		{7E80E89A-9761-496E-BC00-8963D542BCC5}.Release|x64.ActiveCfg = Release|x64
		{7E80E89A-9761-496E-BC00-8963D542BCC5}.Release|x64.Build.0 = Release|x64
		{7E80E89A-9761-496E-BC00-8963D542BCC5}.Release|x86.ActiveCfg = Release|Win32
		{7E80E89A-9761-496E-BC00-8963D542BCC5}.Release|x86.Build.0 = Release|Win32
		{5F61B221-AB2B-48AD-9105-E3E75E50AF9F}.Debug|x64.ActiveCfg = Debug|x64
		{5F61B221-AB2B-48AD-9105-E3E75E50AF9F}.Debug|x64.Build.0 = Debug|x64
		{5F61B221-AB2B-48AD-9105-E3E75E50AF9F}.Debug|x86.ActiveCfg = Debug|Win32
		{5F61B221-AB2B-48AD-9105-E3E75E50AF9F}.Debug|x86.Build.0 = Debug|Win32
		{5F61B221-AB2B-48AD-9105-E3E75E50AF9F}.Release|x64.ActiveCfg = Release|x64
		{5F61B221-AB2B-48AD-9105-E3E75E50AF9F}.Release|x64.Build.0 = Release|x64
		{5F61B221-AB2B-48AD-9105-E3E75E50AF9F}.Release|x86.ActiveCfg = Release|Win32
		{5F61B221-AB2B-48AD-9105-E3E75E50AF9F}.Release|x86.Build.0 = Release|Win32
		{D5DD19DA-198E-459D-BD09-C8E28DE732EF}.Debug|x64.ActiveCfg = Debug|x64
		{D5DD19DA-198E-459D-BD09-C8E28DE732EF}.Debug|x64.Build.0 = Debug|x64
		{D5DD19DA-198E-459D-BD09-C8E28DE732EF}.Debug|x86.ActiveCfg = Debug|Win32
		{D5DD19DA-198E-459D-BD09-C8E28DE732EF}.Debug|x86.Build.0 = Debug|Win32
		{D5DD19DA-198E-459D-BD09-C8E28DE732EF}.Release|x64.ActiveCfg = Release|x64
		{D5DD19DA-198E-459D-BD09-C8E28DE732EF}.Release|x64.Build.0 = Release|x64
		{D5DD19DA-198E-459D-BD09-C8E28DE732EF}.Release|x86.ActiveCfg = Release|Win32
		{D5DD19DA-198E-459D-BD09-C8E28DE732EF}.Release|x86.Build.0 = Release|Win32
		{638AD747-7C42-48D8-891F-A787A7739D16}.Debug|x64.ActiveCfg = Debug|x64
		{638AD747-7C42-48D8-891F-A787A7739D16}.Debug|x64.Build.0 = Debug|x64
		{638AD747-7C42-48D8-891F-A787A7739D16}.Debug|x86.ActiveCfg = Debug|Win32
		{638AD747-7C42-48D8-891F-A787A7739D16}.Debug|x86.Build.0 = Debug|Win32
		{638AD747-7C42-48D8-891F-A787A7739D16}.Release|x64.ActiveCfg = Release|x64
		{638AD747-7C42-48D8-891F-A787A7739D16}.Release|x64.Build.0 = Release|x64
		{638AD747-7C42-48D8-891F-A787A7739D16}.Release|x86.ActiveCfg = Release|Win32
		{638AD747-7C42-48D8-891F-A787A7739D16}.Release|x86.Build.0 = Release|Win32
		{613F7C33-869B-489B-BC3E-D36433906705}.Debug|x64.ActiveCfg = Debug|x64
		{613F7C33-869B-489B-BC3E-D36433906705}.Debug|x64.Build.0 = Debug|x64
		{613F7C33-869B-489B-BC3E-D36433906705}.Debug|x86.ActiveCfg = Debug|Win32
		{613F7C33-869B-489B-BC3E-D36433906705}.Debug|x86.Build.0 = Debug|Win32
		{613F7C33-869B-489B-BC3E-D36433906705}.Release|x64.ActiveCfg = Release|x64
		{613F7C33-869B-489B-BC3E-D36433906705}.Release|x64.Build.0 = Release|x64
		{613F7C33-869B-489B-BC3E-D36433906705}.Release|x86.ActiveCfg = Release|Win32
		{613F7C33-869B-489B-BC3E-D36433906705}.Release|x86.Build.0 = Release|Win32
		{52AEAD7A-3A6F-48FB-A968-4BE56A0E663F}.Debug|x64.ActiveCfg = Debug|x64
		{52AEAD7A-3A6F-48FB-A968-4BE56A0E663F}.Debug|x64.Build.0 = Debug|x64
		{52AEAD7A-3A6F-48FB-A968-4BE56A0E663F}.Debug|x86.ActiveCfg = Debug|Win32
		{52AEAD7A-3A6F-48FB-A968-4BE56A0E663F}.Debug|x86.Build.0 = Debug|Win32
		{52AEAD7A-3A6F-48FB-A968-4BE56A0E663F}.Release|x64.ActiveCfg = Release|x64
		{52AEAD7A-3A6F-48FB-A968-4BE56A0E663F}.Release|x64.Build.0 = Release|x64
		{52AEAD7A-3A6F-48FB-A968-4BE56A0E663F}.Release|x86.ActiveCfg = Release|Win32
		{52AEAD7A-3A6F-48FB-A968-4BE56A0E663F}.Release|x86.Build.0 = Release|Win32
		{63F4B612-E0D9-4D97-A90D-F48D35B9A00C}.Debug|x64.ActiveCfg = Debug|x64
		{63F4B612-E0D9-4D97-A90D-F48D35B9A00C}.Debug|x64.Build.0 = Debug|x64
		{63F4B612-E0D9-4D97-A90D-F48D35B9A00C}.Debug|x86.ActiveCfg = Debug|Win32
		{63F4B612-E0D9-4D97-A90D-F48D35B9A00C}.Debug|x86.Build.0 = Debug|Win32
		{63F4B612-E0D9-4D97-A90D-F48D35B9A00C}.Release|x64.ActiveCfg = Release|x64
		{63F4B612-E0D9-4D97-A90D-F48D35B9A00C}.Release|x64.Build.0 = Release|x64
		{63F4B612-E0D9-4D97-A90D-F48D35B9A00C}.Release|x86.ActiveCfg = Release|Win32
		{63F4B612-E0D9-4D97-A90D-F48D35B9A00C}.Release|x86.Build.0 = Release|Win32
		{C011B00C-4576-47D6-A4AE-8EF8A0D1B476}.Debug|x64.ActiveCfg = Debug|x64
		{C011B00C-4576-47D6-A4AE-8EF8A0D1B476}.Debug|x64.Build.0 = Debug|x64
		{C011B00C-4576-47D6-A4AE-8EF8A0D1B476}.Debug|x86.ActiveCfg = Debug|Win32
		{C011B00C-4576-47D6-A4AE-8EF8A0D1B476}.Debug|x86.Build.0 = Debug|Win32
		{C011B00C-4576-47D6-A4AE-8EF8A0D1B476}.Release|x64.ActiveCfg = Release|x64
		{C011B00C-4576-47D6-A4AE-8EF8A0D1B476}.Release|x64.Build.0 = Release|x64
		{C011B00C-4576-47D6-A4AE-8EF8A0D1B476}.Release|x86.ActiveCfg = Release|Win32
		{C011B00C-4576-47D6-A4AE-8EF8A0D1B476}.Release|x86.Build.0 = Release|Win32
		{1B35D959-1257-45B4-B0D0-0BF6586F0751}.Debug|x64.ActiveCfg = Debug|x64
		{1B35D959-1257-45B4-B0D0-0BF6586F0751}.Debug|x64.Build.0 = Debug|x64
		{1B35D959-1257-45B4-B0D0-0BF6586F0751}.Debug|x86.ActiveCfg = Debug|Win32
		{1B35D959-1257-45B4-B0D0-0BF6586F0751}.Debug|x86.Build.0 = Debug|Win32
		{1B35D959-1257-45B4-B0D0-0BF6586F0751}.Release|x64.ActiveCfg = Release|x64
		{1B35D959-1257-45B4-B0D0-0BF6586F0751}.Release|x64.Build.0 = Release|x64
		{1B35D959-1257-45B4-B0D0-0BF6586F0751}.Release|x86.ActiveCfg = Release|Win32
		{1B35D959-1257-45B4-B0D0-0BF6586F0751}.Release|x86.Build.0 = Release|Win32
		{F8AC9AB5-0642-4620-B81E-A223DF15E830}.Debug|x64.ActiveCfg = Debug|x64
		{F8AC9AB5-0642-4620-B81E-A223DF15E830}.Debug|x64.Build.0 = Debug|x64
		{F8AC9AB5-0642-4620-B81E-A223DF15E830}.Debug|x86.ActiveCfg = Debug|Win32
		{F8AC9AB5-0642-4620-B81E-A223DF15E830}.Debug|x86.Build.0 = Debug|Win32
		{F8AC9AB5-0642-4620-B81E-A223DF15E830}.Release|x64.ActiveCfg = Release|x64
		{F8AC9AB5-0642-4620-B81E-A223DF15E830}.Release|x64.Build.0 = Release|x64
		{F8AC9AB5-0642-4620-B81E-A223DF15E830}.Release|x86.ActiveCfg = Release|Win32
		{F8AC9AB5-0642-4620-B81E-A223DF15E830}.Release|x86.Build.0 = Release|Win32
		{72BEFD09-4D7C-4AD2-8552-1AF15D014FC3}.Debug|x64.ActiveCfg = Debug|x64
		{72BEFD09-4D7C-4AD2-8552-1AF15D014FC3}.Debug|x64.Build.0 = Debug|x64
		{72BEFD09-4D7C-4AD2-8552-1AF15D014FC3}.Debug|x86.ActiveCfg = Debug|Win32
		{72BEFD09-4D7C-4AD2-8552-1AF15D014FC3}.Debug|x86.Build.0 = Debug|Win32
		{72BEFD09-4D7C-4AD2-8552-1AF15D014FC3}.Release|x64.ActiveCfg = Release|x64
		{72BEFD09-4D7C-4AD2-8552-1AF15D014FC3}.Release|x64.Build.0 = Release|x64
		{72BEFD09-4D7C-4AD2-8552-1AF15D014FC3}.Release|x86.ActiveCfg = Release|Win32
		{72BEFD09-4D7C-4AD2-8552-1AF15D014FC3}.Release|x86.Build.0 = Release|Win32
		{7F87F407-5319-4418-B76E-1B83E1605176}.Debug|x64.ActiveCfg = Debug|x64
		{7F87F407-5319-4418-B76E-1B83E1605176}.Debug|x64.Build.0 = Debug|x64
		{7F87F407-5319-4418-B76E-1B83E1605176}.Debug|x86.ActiveCfg = Debug|Win32
		{7F87F407-5319-4418-B76E-1B83E1605176}.Debug|x86.Build.0 = Debug|Win32
		{7F87F407-5319-4418-B76E-1B83E1605176}.Release|x64.ActiveCfg = Release|x64
		{7F87F407-5319-4418-B76E-1B83E1605176}.Release|x64.Build.0 = Release|x64
		{7F87F407-5319-4418-B76E-1B83E1605176}.Release|x86.ActiveCfg = Release|Win32
		{7F87F407-5319-4418-B76E-1B83E1605176}.Release|x86.Build.0 = Release|Win32
		{93B62A74-3C92-46F7-BB46-78A2C31CB065}.Debug|x64.ActiveCfg = Debug|x64
		{93B62A74-3C92-46F7-BB46-78A2C31CB065}.Debug|x64.Build.0 = Debug|x64
		{93B62A74-3C92-46F7-BB46-78A2C31CB065}.Debug|x86.ActiveCfg = Debug|Win32
		{93B62A74-3C92-46F7-BB46-78A2C31CB065}.Debug|x86.Build.0 = Debug|Win32
		{93B62A74-3C92-46F7-BB46-78A2C31CB065}.Release|x64.ActiveCfg = Release|x64
		{93B62A74-3C92-46F7-BB46-78A2C31CB065}.Release|x64.Build.0 = Release|x64
		{93B62A74-3C92-46F7-BB46-78A2C31CB065}.Release|x86.ActiveCfg = Release|Win32
		{93B62A74-3C92-46F7-BB46-78A2C31CB065}.Release|x86.Build.0 = Release|Win32
		{7B973E50-1E69-4CEE-B2F6-13E12CFE1667}.Debug|x64.ActiveCfg = Debug|x64
		{7B973E50-1E69-4CEE-B2F6-13E12CFE1667}.Debug|x64.Build.0 = Debug|x64
		{7B973E50-1E69-4CEE-B2F6-13E12CFE1667}.Debug|x86.ActiveCfg = Debug|Win32
		{7B973E50-1E69-4CEE-B2F6-13E12CFE1667}.Debug|x86.Build.0 = Debug|Win32
		{7B973E50-1E69-4CEE-B2F6-13E12CFE1667}.Release|x64.ActiveCfg = Release|x64
		{7B973E50-1E69-4CEE-B2F6-13E12CFE1667}.Release|x64.Build.0 = Release|x64
		{7B973E50-1E69-4CEE-B2F6-13E12CFE1667}.Release|x86.ActiveCfg = Release|Win32
		{7B973E50-1E69-4CEE-B2F6-13E12CFE1667}.Release|x86.Build.0 = Release|Win32
		{A0268DAC-CE60-473A-B560-BDA5F37648F4}.Debug|x64.ActiveCfg = Debug|x64
		{A0268DAC-CE60-473A-B560-BDA5F37648F4}.Debug|x64.Build.0 = Debug|x64
		{A0268DAC-CE60-473A-B560-BDA5F37648F4}.Debug|x86.ActiveCfg = Debug|Win32
		{A0268DAC-CE60-473A-B560-BDA5F37648F4}.Debug|x86.Build.0 = Debug|Win32
		{A0268DAC-CE60-473A-B560-BDA5F37648F4}.Release|x64.ActiveCfg = Release|x64
		{A0268DAC-CE60-473A-B560-BDA5F37648F4}.Release|x64.Build.0 = Release|x64
		{A0268DAC-CE60-473A-B560-BDA5F37648F4}.Release|x86.ActiveCfg = Release|Win32
		{A0268DAC-CE60-473A-B560-BDA5F37648F4}.Release|x86.Build.0 = Release|Win32
		{5C882026-CBA1-4D4D-BE55-AC0FF91D695F}.Debug|x64.ActiveCfg = Debug|x64
		{5C882026-CBA1-4D4D-BE55-AC0FF91D695F}.Debug|x64.Build.0 = Debug|x64
		{5C882026-CBA1-4D4D-BE55-AC0FF91D695F}.Debug|x86.ActiveCfg = Debug|Win32
		{5C882026-CBA1-4D4D-BE55-AC0FF91D695F}.Debug|x86.Build.0 = Debug|Win32
		{5C882026-CBA1-4D4D-BE55-AC0FF91D695F}.Release|x64.ActiveCfg = Release|x64
		{5C882026-CBA1-4D4D-BE55-AC0FF91D695F}.Release|x64.Build.0 = Release|x64
		{5C882026-CBA1-4D4D-BE55-AC0FF91D695F}.Release|x86.ActiveCfg = Release|Win32
		{5C882026-CBA1-4D4D-BE55-AC0FF91D695F}.Release|x86.Build.0 = Release|Win32
		{739F79A3-EBE0-4767-96D9-CE52310C6F8C}.Debug|x64.ActiveCfg = Debug|x64
		{739F79A3-EBE0-4767-96D9-CE52310C6F8C}.Debug|x64.Build.0 = Debug|x64
		{739F79A3-EBE0-4767-96D9-CE52310C6F8C}.Debug|x86.ActiveCfg = Debug|Win32
		{739F79A3-EBE0-4767-96D9-CE52310C6F8C}.Debug|x86.Build.0 = Debug|Win32
		{739F79A3-EBE0-4767-96D9-CE52310C6F8C}.Release|x64.ActiveCfg = Release|x64
		{739F79A3-EBE0-4767-96D9-CE52310C6F8C}.Release|x64.Build.0 = Release|x64
		{739F79A3-EBE0-4767-96D9-CE52310C6F8C}.Release|x86.ActiveCfg = Release|Win32
		{739F79A3-EBE0-4767-96D9-CE52310C6F8C}.Release|x86.Build.0 = Release|Win32
		{194CBABB-1C16-40C4-87DF-79F8C85E5512}.Debug|x64.ActiveCfg = Debug|x64
		{194CBABB-1C16-40C4-87DF-79F8C85E5512}.Debug|x64.Build.0 = Debug|x64
		{194CBABB-1C16-40C4-87DF-79F8C85E5512}.Debug|x86.ActiveCfg = Debug|Win32
		{194CBABB-1C16-40C4-87DF-79F8C85E5512}.Debug|x86.Build.0 = Debug|Win32
		{194CBABB-1C16-40C4-87DF-79F8C85E5512}.Release|x64.ActiveCfg = Release|x64
		{194CBABB-1C16-40C4-87DF-79F8C85E5512}.Release|x64.Build.0 = Release|x64
		{194CBABB-1C16-40C4-87DF-79F8C85E5512}.Release|x86.ActiveCfg = Release|Win32
		{194CBABB-1C16-40C4-87DF-79F8C85E5512}.Release|x86.Build.0 = Release|Win32
		{75C98B8A-358E-460A-A924-0C1DDE02C6E5}.Debug|x64.ActiveCfg = Debug|x64
		{75C98B8A-358E-460A-A924-0C1DDE02C6E5}.Debug|x64.Build.0 = Debug|x64
		{75C98B8A-358E-460A-A924-0C1DDE02C6E5}.Debug|x86.ActiveCfg = Debug|Win32
		{75C98B8A-358E-460A-A924-0C1DDE02C6E5}.Debug|x86.Build.0 = Debug|Win32
		{75C98B8A-358E-460A-A924-0C1DDE02C6E5}.Release|x64.ActiveCfg = Release|x64
		{75C98B8A-358E-460A-A924-0C1DDE02C6E5}.Release|x64.Build.0 = Release|x64
		{75C98B8A-358E-460A-A924-0C1DDE02C6E5}.Release|x86.ActiveCfg = Release|Win32
		{75C98B8A-358E-460A-A924-0C1DDE02C6E5}.Release|x86.Build.0 = Release|Win32
		{7966D4B1-659C-4ACB-8BCF-9A9CD6464D45}.Debug|x64.ActiveCfg = Debug|x64
		{7966D4B1-659C-4ACB-8BCF-9A9CD6464D45}.Debug|x64.Build.0 = Debug|x64
		{7966D4B1-659C-4ACB-8BCF-9A9CD6464D45}.Debug|x86.ActiveCfg = Debug|Win32
		{7966D4B1-659C-4ACB-8BCF-9A9CD6464D45}.Debug|x86.Build.0 = Debug|Win32
		{7966D4B1-659C-4ACB-8BCF-9A9CD6464D45}.Release|x64.ActiveCfg = Release|x64
		{7966D4B1-659C-4ACB-8BCF-9A9CD6464D45}.Release|x64.Build.0 = Release|x64
		{7966D4B1-659C-4ACB-8BCF-9A9CD6464D45}.Release|x86.ActiveCfg = Release|Win32
		{7966D4B1-659C-4ACB-8BCF-9A9CD6464D45}.Release|x86.Build.0 = Release|Win32
		{4F01CE83-9960-4324-B8CA-09D4FAFBDBED}.Debug|x64.ActiveCfg = Debug|x64
		{4F01CE83-9960-4324-B8CA-09D4FAFBDBED}.Debug|x64.Build.0 = Debug|x64
		{4F01CE83-9960-4324-B8CA-09D4FAFBDBED}.Debug|x86.ActiveCfg = Debug|Win32
		{4F01CE83-9960-4324-B8CA-09D4FAFBDBED}.Debug|x86.Build.0 = Debug|Win32
		{4F01CE83-9960-4324-B8CA-09D4FAFBDBED}.Release|x64.ActiveCfg = Release|x64
		{4F01CE83-9960-4324-B8CA-09D4FAFBDBED}.Release|x64.Build.0 = Release|x64
		{4F01CE83-9960-4324-B8CA-09D4FAFBDBED}.Release|x86.ActiveCfg = Release|Win32
		{4F01CE83-9960-4324-B8CA-09D4FAFBDBED}.Release|x86.Build.0 = Release|Win32
		{BEB9E269-0AA5-496B-9AFC-343FD27FD301}.Debug|x64.ActiveCfg = Debug|x64
		{BEB9E269-0AA5-496B-9AFC-343FD27FD301}.Debug|x64.Build.0 = Debug|x64
		{BEB9E269-0AA5-496B-9AFC-343FD27FD301}.Debug|x86.ActiveCfg = Debug|Win32
		{BEB9E269-0AA5-496B-9AFC-343FD27FD301}.Debug|x86.Build.0 = Debug|Win32
		{BEB9E269-0AA5-496B-9AFC-343FD27FD301}.Release|x64.ActiveCfg = Release|x64
		{BEB9E269-0AA5-496B-9AFC-343FD27FD301}.Release|x64.Build.0 = Release|x64
		{BEB9E269-0AA5-496B-9AFC-343FD27FD301}.Release|x86.ActiveCfg = Release|Win32
		{BEB9E269-0AA5-496B-9AFC-343FD27FD301}.Release|x86.Build.0 = Release|Win32
		{16F2E58B-093C-493F-AA09-C589B72DE61B}.Debug|x64.ActiveCfg = Debug|x64
		{16F2E58B-093C-493F-AA09-C589B72DE61B}.Debug|x64.Build.0 = Debug|x64
		{16F2E58B-093C-493F-AA09-C589B72DE61B}.Debug|x86.ActiveCfg = Debug|Win32
		{16F2E58B-093C-493F-AA09-C589B72DE61B}.Debug|x86.Build.0 = Debug|Win32
		{16F2E58B-093C-493F-AA09-C589B72DE61B}.Release|x64.ActiveCfg = Release|x64
		{16F2E58B-093C-493F-AA09-C589B72DE61B}.Release|x64.Build.0 = Release|x64
		{16F2E58B-093C-493F-AA09-C589B72DE61B}.Release|x86.ActiveCfg = Release|Win32
		{16F2E58B-093C-493F-AA09-C589B72DE61B}.Release|x86.Build.0 = Release|Win32
		{908BF825-7284-4086-BB5A-EC9859176F97}.Debug|x64.ActiveCfg = Debug|x64
		{908BF825-7284-4086-BB5A-EC9859176F97}.Debug|x64.Build.0 = Debug|x64
		{908BF825-7284-4086-BB5A-EC9859176F97}.Debug|x86.ActiveCfg = Debug|Win32
		{908BF825-7284-4086-BB5A-EC9859176F97}.Debug|x86.Build.0 = Debug|Win32
		{908BF825-7284-4086-BB5A-EC9859176F97}.Release|x64.ActiveCfg = Release|x64
		{908BF825-7284-4086-BB5A-EC9859176F97}.Release|x64.Build.0 = Release|x64
		{908BF825-7284-4086-BB5A-EC9859176F97}.Release|x86.ActiveCfg = Release|Win32
		{908BF825-7284-4086-BB5A-EC9859176F97}.Release|x86.Build.0 = Release|Win32
		{B1E24DD4-8A28-4E13-B1A8-90D06710CA60}.Debug|x64.ActiveCfg = Debug|x64
		{B1E24DD4-8A28-4E13-B1A8-90D06710CA60}.Debug|x64.Build.0 = Debug|x64
		{B1E24DD4-8A28-4E13-B1A8-90D06710CA60}.Debug|x86.ActiveCfg = Debug|Win32
		{B1E24DD4-8A28-4E13-B1A8-90D06710CA60}.Debug|x86.Build.0 = Debug|Win32
		{B1E24DD4-8A28-4E13-B1A8-90D06710CA60}.Release|x64.ActiveCfg = Release|x64
		{B1E24DD4-8A28-4E13-B1A8-90D06710CA60}.Release|x64.Build.0 = Release|x64
		{B1E24DD4-8A28-4E13-B1A8-90D06710CA60}.Release|x86.ActiveCfg = Release|Win32
		{B1E24DD4-8A28-4E13-B1A8-90D06710CA60}.Release|x86.Build.0 = Release|Win32
		{224B2E2A-BF2B-4B12-89A4-E24B49BD9BE5}.Debug|x64.ActiveCfg = Debug|x64
		{224B2E2A-BF2B-4B12-89A4-E24B49BD9BE5}.Debug|x64.Build.0 = Debug|x64
		{224B2E2A-BF2B-4B12-89A4-E24B49BD9BE5}.Debug|x86.ActiveCfg = Debug|Win32
		{224B2E2A-BF2B-4B12-89A4-E24B49BD9BE5}.Debug|x86.Build.0 = Debug|Win32
		{224B2E2A-BF2B-4B12-89A4-E24B49BD9BE5}.Release|x64.ActiveCfg = Release|x64
		{224B2E2A-BF2B-4B12-89A4-E24B49BD9BE5}.Release|x64.Build.0 = Release|x64
		{224B2E2A-BF2B-4B12-89A4-E24B49BD9BE5}.Release|x86.ActiveCfg = Release|Win32
		{224B2E2A-BF2B-4B12-89A4-E24B49BD9BE5}.Release|x86.Build.0 = Release|Win32
		{C162B45E-5FB1-4128-B8BB-E78C6C7C39B4}.Debug|x64.ActiveCfg = Debug|x64
		{C162B45E-5FB1-4128-B8BB-E78C6C7C39B4}.Debug|x64.Build.0 = Debug|x64
		{C162B45E-5FB1-4128-B8BB-E78C6C7C39B4}.Debug|x86.ActiveCfg = Debug|Win32
		{C162B45E-5FB1-4128-B8BB-E78C6C7C39B4}.Debug|x86.Build.0 = Debug|Win32
		{C162B45E-5FB1-4128-B8BB-E78C6C7C39B4}.Release|x64.ActiveCfg = Release|x64
		{C162B45E-5FB1-4128-B8BB-E78C6C7C39B4}.Release|x64.Build.0 = Release|x64
		{C162B45E-5FB1-4128-B8BB-E78C6C7C39B4}.Release|x86.ActiveCfg = Release|Win32
		{C162B45E-5FB1-4128-B8BB-E78C6C7C39B4}.Release|x86.Build.0 = Release|Win32
		{2953CF71-8990-4057-9F66-9F0135CB710F}.Debug|x64.ActiveCfg = Debug|x64
		{2953CF71-8990-4057-9F66-9F0135CB710F}.Debug|x64.Build.0 = Debug|x64
		{2953CF71-8990-4057-9F66-9F0135CB710F}.Debug|x86.ActiveCfg = Debug|Win32
		{2953CF71-8990-4057-9F66-9F0135CB710F}.Debug|x86.Build.0 = Debug|Win32
		{2953CF71-8990-4057-9F66-9F0135CB710F}.Release|x64.ActiveCfg = Release|x64
		{2953CF71-8990-4057-9F66-9F0135CB710F}.Release|x64.Build.0 = Release|x64
		{2953CF71-8990-4057-9F66-9F0135CB710F}.Release|x86.ActiveCfg = Release|Win32
		{2953CF71-8990-4057-9F66-9F0135CB710F}.Release|x86.Build.0 = Release|Win32
	EndGlobalSection
	GlobalSection(SolutionProperties) = preSolution
		HideSolutionNode = FALSE
	EndGlobalSection
	GlobalSection(ExtensibilityGlobals) = postSolution
		SolutionGuid = {8B2A26E9-D626-4DA3-B90D-82B63DA7D9F5}
	EndGlobalSection
EndGlobal
