
Microsoft Visual Studio Solution File, Format Version 12.00
# Visual Studio Version 17
VisualStudioVersion = 17.8.34601.278
MinimumVisualStudioVersion = 10.0.40219.1
Project("{8BC9CEB8-8B4A-11D0-8D11-00A0C91BC942}") = "example-01-01", "example-01-01\example-01-01.vcxproj", "{A7EFCF5F-758E-4099-B995-D35C04868680}"
EndProject
Project("{8BC9CEB8-8B4A-11D0-8D11-00A0C91BC942}") = "example-01-02", "example-01-02\example-01-02.vcxproj", "{E0EA0B8F-1227-407E-A2A4-B2E708E4B836}"
EndProject
Project("{8BC9CEB8-8B4A-11D0-8D11-00A0C91BC942}") = "example-01-03", "example-01-03\example-01-03.vcxproj", "{A2A889A7-F8A2-427A-994A-6D504C270306}"
EndProject
Project("{8BC9CEB8-8B4A-11D0-8D11-00A0C91BC942}") = "example-01-04", "example-01-04\example-01-04.vcxproj", "{BB5300B0-1420-4C7D-A383-A60AEF39F264}"
EndProject
Project("{8BC9CEB8-8B4A-11D0-8D11-00A0C91BC942}") = "example-01-05", "example-01-05\example-01-05.vcxproj", "{08D861B1-593B-4F96-AEC8-508D483B7BFB}"
EndProject
Project("{8BC9CEB8-8B4A-11D0-8D11-00A0C91BC942}") = "example-01-06", "example-01-06\example-01-06.vcxproj", "{A0CDC436-B3A6-4F3E-A00D-6DA4EC0DE764}"
EndProject
Project("{8BC9CEB8-8B4A-11D0-8D11-00A0C91BC942}") = "example-01-07", "example-01-07\example-01-07.vcxproj", "{434E8615-4C35-41A4-AD68-118BF20AA743}"
EndProject
Project("{8BC9CEB8-8B4A-11D0-8D11-00A0C91BC942}") = "example-01-08", "example-01-08\example-01-08.vcxproj", "{7E158DD7-5ACC-4758-A556-85E97F1ADDEE}"
EndProject
Project("{8BC9CEB8-8B4A-11D0-8D11-00A0C91BC942}") = "example-01-09", "example-01-09\example-01-09.vcxproj", "{D1685EF2-C215-4F61-AEA4-090A34F7EF7B}"
EndProject
Project("{8BC9CEB8-8B4A-11D0-8D11-00A0C91BC942}") = "example-01-10", "example-01-10\example-01-10.vcxproj", "{DD8B103A-5583-452E-9DA8-C858537AEE1C}"
EndProject
Project("{8BC9CEB8-8B4A-11D0-8D11-00A0C91BC942}") = "example-01-11", "example-01-11\example-01-11.vcxproj", "{7F125082-82C3-49F6-BCD2-B358B7324A2F}"
EndProject
Project("{8BC9CEB8-8B4A-11D0-8D11-00A0C91BC942}") = "example-01-12", "example-01-12\example-01-12.vcxproj", "{12A0F647-A111-4055-947C-867FDBB88248}"
EndProject
Project("{8BC9CEB8-8B4A-11D0-8D11-00A0C91BC942}") = "example-01-13", "example-01-13\example-01-13.vcxproj", "{3FE36765-D3F4-4D37-8637-33B16D64ABF8}"
EndProject
Project("{8BC9CEB8-8B4A-11D0-8D11-00A0C91BC942}") = "example-01-14", "example-01-14\example-01-14.vcxproj", "{9CE80AEC-CD55-482E-87AD-C19AA5F44077}"
EndProject
Project("{8BC9CEB8-8B4A-11D0-8D11-00A0C91BC942}") = "example-01-15", "example-01-15\example-01-15.vcxproj", "{E5BD5B99-82C4-4483-A7AD-CCBB59967DE4}"
EndProject
Project("{8BC9CEB8-8B4A-11D0-8D11-00A0C91BC942}") = "example-01-16", "example-01-16\example-01-16.vcxproj", "{57E99EE9-D76E-4481-9BAE-3D794F20389C}"
EndProject
Project("{8BC9CEB8-8B4A-11D0-8D11-00A0C91BC942}") = "example-01-17", "example-01-17\example-01-17.vcxproj", "{9525AAA4-1583-40D3-8CCB-8E06B5A9A404}"
EndProject
Project("{8BC9CEB8-8B4A-11D0-8D11-00A0C91BC942}") = "example-01-18", "example-01-18\example-01-18.vcxproj", "{DA20897A-5301-4F06-A551-5F92B91FAF3C}"
EndProject
Project("{8BC9CEB8-8B4A-11D0-8D11-00A0C91BC942}") = "example-01-19", "example-01-19\example-01-19.vcxproj", "{F73C5FDF-31F5-48B7-AAFE-4268211AFFE9}"
EndProject
Project("{8BC9CEB8-8B4A-11D0-8D11-00A0C91BC942}") = "example-01-20", "example-01-20\example-01-20.vcxproj", "{217FBCEA-DBAC-4394-8FA9-BFCE0BC59031}"
EndProject
Project("{8BC9CEB8-8B4A-11D0-8D11-00A0C91BC942}") = "example-01-21", "example-01-21\example-01-21.vcxproj", "{DCEF4CFA-5A0B-437D-BCE2-17502019A2FC}"
EndProject
Project("{8BC9CEB8-8B4A-11D0-8D11-00A0C91BC942}") = "example-01-22", "example-01-22\example-01-22.vcxproj", "{7DA54DFA-014E-4B12-8DED-C1F28E649154}"
EndProject
Project("{8BC9CEB8-8B4A-11D0-8D11-00A0C91BC942}") = "example-01-23", "example-01-23\example-01-23.vcxproj", "{EC36EDE0-6098-44F6-ACD9-EB85481CCD4F}"
EndProject
Project("{8BC9CEB8-8B4A-11D0-8D11-00A0C91BC942}") = "example-01-24", "example-01-24\example-01-24.vcxproj", "{2686A9A9-502F-4E6A-96D9-C6C196D7822E}"
EndProject
Project("{8BC9CEB8-8B4A-11D0-8D11-00A0C91BC942}") = "example-01-25", "example-01-25\example-01-25.vcxproj", "{F3BFB40C-58BD-4ED9-9048-690632472DD3}"
EndProject
Project("{8BC9CEB8-8B4A-11D0-8D11-00A0C91BC942}") = "example-01-26", "example-01-26\example-01-26.vcxproj", "{1817DF18-1C48-4171-904C-72DA851E4CF0}"
EndProject
Project("{8BC9CEB8-8B4A-11D0-8D11-00A0C91BC942}") = "example-01-27", "example-01-27\example-01-27.vcxproj", "{2E161C8F-72A8-46E7-932A-56C67D3E0271}"
EndProject
Project("{8BC9CEB8-8B4A-11D0-8D11-00A0C91BC942}") = "example-01-28", "example-01-28\example-01-28.vcxproj", "{1B17A30A-985C-4A76-BD43-2A01BB1AA4D0}"
EndProject
Project("{8BC9CEB8-8B4A-11D0-8D11-00A0C91BC942}") = "example-01-29", "example-01-29\example-01-29.vcxproj", "{CBE2EB4F-9E5E-4E31-90D9-FBB4F764CBF1}"
EndProject
Project("{8BC9CEB8-8B4A-11D0-8D11-00A0C91BC942}") = "example-01-30", "example-01-30\example-01-30.vcxproj", "{886E4219-4709-4B2C-B52C-55FD605B9FE9}"
EndProject
Project("{8BC9CEB8-8B4A-11D0-8D11-00A0C91BC942}") = "example-01-31", "example-01-31\example-01-31.vcxproj", "{0B35F25E-1C6E-4DC2-A116-D9A123EBC788}"
EndProject
Project("{8BC9CEB8-8B4A-11D0-8D11-00A0C91BC942}") = "example-01-32", "example-01-32\example-01-32.vcxproj", "{FB5C9A97-E7A7-4AA2-9F89-9D5929189E4D}"
EndProject
Project("{8BC9CEB8-8B4A-11D0-8D11-00A0C91BC942}") = "example-01-33", "example-01-33\example-01-33.vcxproj", "{87266A8D-698F-41B5-A7E3-6E3351DF0B5C}"
EndProject
Project("{8BC9CEB8-8B4A-11D0-8D11-00A0C91BC942}") = "example-01-34", "example-01-34\example-01-34.vcxproj", "{D4EF1128-0957-4191-8FFD-CE8CF78A36F1}"
EndProject
Project("{8BC9CEB8-8B4A-11D0-8D11-00A0C91BC942}") = "example-01-35", "example-01-35\example-01-35.vcxproj", "{0E55BEA0-6146-4657-865F-99770F2C2522}"
EndProject
Global
	GlobalSection(SolutionConfigurationPlatforms) = preSolution
		Debug|x64 = Debug|x64
		Debug|x86 = Debug|x86
		Release|x64 = Release|x64
		Release|x86 = Release|x86
	EndGlobalSection
	GlobalSection(ProjectConfigurationPlatforms) = postSolution
		{A7EFCF5F-758E-4099-B995-D35C04868680}.Debug|x64.ActiveCfg = Debug|x64
		{A7EFCF5F-758E-4099-B995-D35C04868680}.Debug|x64.Build.0 = Debug|x64
		{A7EFCF5F-758E-4099-B995-D35C04868680}.Debug|x86.ActiveCfg = Debug|Win32
		{A7EFCF5F-758E-4099-B995-D35C04868680}.Debug|x86.Build.0 = Debug|Win32
		{A7EFCF5F-758E-4099-B995-D35C04868680}.Release|x64.ActiveCfg = Release|x64
		{A7EFCF5F-758E-4099-B995-D35C04868680}.Release|x64.Build.0 = Release|x64
		{A7EFCF5F-758E-4099-B995-D35C04868680}.Release|x86.ActiveCfg = Release|Win32
		{A7EFCF5F-758E-4099-B995-D35C04868680}.Release|x86.Build.0 = Release|Win32
		{E0EA0B8F-1227-407E-A2A4-B2E708E4B836}.Debug|x64.ActiveCfg = Debug|x64
		{E0EA0B8F-1227-407E-A2A4-B2E708E4B836}.Debug|x64.Build.0 = Debug|x64
		{E0EA0B8F-1227-407E-A2A4-B2E708E4B836}.Debug|x86.ActiveCfg = Debug|Win32
		{E0EA0B8F-1227-407E-A2A4-B2E708E4B836}.Debug|x86.Build.0 = Debug|Win32
		{E0EA0B8F-1227-407E-A2A4-B2E708E4B836}.Release|x64.ActiveCfg = Release|x64
		{E0EA0B8F-1227-407E-A2A4-B2E708E4B836}.Release|x64.Build.0 = Release|x64
		{E0EA0B8F-1227-407E-A2A4-B2E708E4B836}.Release|x86.ActiveCfg = Release|Win32
		{E0EA0B8F-1227-407E-A2A4-B2E708E4B836}.Release|x86.Build.0 = Release|Win32
		{A2A889A7-F8A2-427A-994A-6D504C270306}.Debug|x64.ActiveCfg = Debug|x64
		{A2A889A7-F8A2-427A-994A-6D504C270306}.Debug|x64.Build.0 = Debug|x64
		{A2A889A7-F8A2-427A-994A-6D504C270306}.Debug|x86.ActiveCfg = Debug|Win32
		{A2A889A7-F8A2-427A-994A-6D504C270306}.Debug|x86.Build.0 = Debug|Win32
		{A2A889A7-F8A2-427A-994A-6D504C270306}.Release|x64.ActiveCfg = Release|x64
		{A2A889A7-F8A2-427A-994A-6D504C270306}.Release|x64.Build.0 = Release|x64
		{A2A889A7-F8A2-427A-994A-6D504C270306}.Release|x86.ActiveCfg = Release|Win32
		{A2A889A7-F8A2-427A-994A-6D504C270306}.Release|x86.Build.0 = Release|Win32
		{BB5300B0-1420-4C7D-A383-A60AEF39F264}.Debug|x64.ActiveCfg = Debug|x64
		{BB5300B0-1420-4C7D-A383-A60AEF39F264}.Debug|x64.Build.0 = Debug|x64
		{BB5300B0-1420-4C7D-A383-A60AEF39F264}.Debug|x86.ActiveCfg = Debug|Win32
		{BB5300B0-1420-4C7D-A383-A60AEF39F264}.Debug|x86.Build.0 = Debug|Win32
		{BB5300B0-1420-4C7D-A383-A60AEF39F264}.Release|x64.ActiveCfg = Release|x64
		{BB5300B0-1420-4C7D-A383-A60AEF39F264}.Release|x64.Build.0 = Release|x64
		{BB5300B0-1420-4C7D-A383-A60AEF39F264}.Release|x86.ActiveCfg = Release|Win32
		{BB5300B0-1420-4C7D-A383-A60AEF39F264}.Release|x86.Build.0 = Release|Win32
		{08D861B1-593B-4F96-AEC8-508D483B7BFB}.Debug|x64.ActiveCfg = Debug|x64
		{08D861B1-593B-4F96-AEC8-508D483B7BFB}.Debug|x64.Build.0 = Debug|x64
		{08D861B1-593B-4F96-AEC8-508D483B7BFB}.Debug|x86.ActiveCfg = Debug|Win32
		{08D861B1-593B-4F96-AEC8-508D483B7BFB}.Debug|x86.Build.0 = Debug|Win32
		{08D861B1-593B-4F96-AEC8-508D483B7BFB}.Release|x64.ActiveCfg = Release|x64
		{08D861B1-593B-4F96-AEC8-508D483B7BFB}.Release|x64.Build.0 = Release|x64
		{08D861B1-593B-4F96-AEC8-508D483B7BFB}.Release|x86.ActiveCfg = Release|Win32
		{08D861B1-593B-4F96-AEC8-508D483B7BFB}.Release|x86.Build.0 = Release|Win32
		{A0CDC436-B3A6-4F3E-A00D-6DA4EC0DE764}.Debug|x64.ActiveCfg = Debug|x64
		{A0CDC436-B3A6-4F3E-A00D-6DA4EC0DE764}.Debug|x64.Build.0 = Debug|x64
		{A0CDC436-B3A6-4F3E-A00D-6DA4EC0DE764}.Debug|x86.ActiveCfg = Debug|Win32
		{A0CDC436-B3A6-4F3E-A00D-6DA4EC0DE764}.Debug|x86.Build.0 = Debug|Win32
		{A0CDC436-B3A6-4F3E-A00D-6DA4EC0DE764}.Release|x64.ActiveCfg = Release|x64
		{A0CDC436-B3A6-4F3E-A00D-6DA4EC0DE764}.Release|x64.Build.0 = Release|x64
		{A0CDC436-B3A6-4F3E-A00D-6DA4EC0DE764}.Release|x86.ActiveCfg = Release|Win32
		{A0CDC436-B3A6-4F3E-A00D-6DA4EC0DE764}.Release|x86.Build.0 = Release|Win32
		{434E8615-4C35-41A4-AD68-118BF20AA743}.Debug|x64.ActiveCfg = Debug|x64
		{434E8615-4C35-41A4-AD68-118BF20AA743}.Debug|x64.Build.0 = Debug|x64
		{434E8615-4C35-41A4-AD68-118BF20AA743}.Debug|x86.ActiveCfg = Debug|Win32
		{434E8615-4C35-41A4-AD68-118BF20AA743}.Debug|x86.Build.0 = Debug|Win32
		{434E8615-4C35-41A4-AD68-118BF20AA743}.Release|x64.ActiveCfg = Release|x64
		{434E8615-4C35-41A4-AD68-118BF20AA743}.Release|x64.Build.0 = Release|x64
		{434E8615-4C35-41A4-AD68-118BF20AA743}.Release|x86.ActiveCfg = Release|Win32
		{434E8615-4C35-41A4-AD68-118BF20AA743}.Release|x86.Build.0 = Release|Win32
		{7E158DD7-5ACC-4758-A556-85E97F1ADDEE}.Debug|x64.ActiveCfg = Debug|x64
		{7E158DD7-5ACC-4758-A556-85E97F1ADDEE}.Debug|x64.Build.0 = Debug|x64
		{7E158DD7-5ACC-4758-A556-85E97F1ADDEE}.Debug|x86.ActiveCfg = Debug|Win32
		{7E158DD7-5ACC-4758-A556-85E97F1ADDEE}.Debug|x86.Build.0 = Debug|Win32
		{7E158DD7-5ACC-4758-A556-85E97F1ADDEE}.Release|x64.ActiveCfg = Release|x64
		{7E158DD7-5ACC-4758-A556-85E97F1ADDEE}.Release|x64.Build.0 = Release|x64
		{7E158DD7-5ACC-4758-A556-85E97F1ADDEE}.Release|x86.ActiveCfg = Release|Win32
		{7E158DD7-5ACC-4758-A556-85E97F1ADDEE}.Release|x86.Build.0 = Release|Win32
		{D1685EF2-C215-4F61-AEA4-090A34F7EF7B}.Debug|x64.ActiveCfg = Debug|x64
		{D1685EF2-C215-4F61-AEA4-090A34F7EF7B}.Debug|x64.Build.0 = Debug|x64
		{D1685EF2-C215-4F61-AEA4-090A34F7EF7B}.Debug|x86.ActiveCfg = Debug|Win32
		{D1685EF2-C215-4F61-AEA4-090A34F7EF7B}.Debug|x86.Build.0 = Debug|Win32
		{D1685EF2-C215-4F61-AEA4-090A34F7EF7B}.Release|x64.ActiveCfg = Release|x64
		{D1685EF2-C215-4F61-AEA4-090A34F7EF7B}.Release|x64.Build.0 = Release|x64
		{D1685EF2-C215-4F61-AEA4-090A34F7EF7B}.Release|x86.ActiveCfg = Release|Win32
		{D1685EF2-C215-4F61-AEA4-090A34F7EF7B}.Release|x86.Build.0 = Release|Win32
		{DD8B103A-5583-452E-9DA8-C858537AEE1C}.Debug|x64.ActiveCfg = Debug|x64
		{DD8B103A-5583-452E-9DA8-C858537AEE1C}.Debug|x64.Build.0 = Debug|x64
		{DD8B103A-5583-452E-9DA8-C858537AEE1C}.Debug|x86.ActiveCfg = Debug|Win32
		{DD8B103A-5583-452E-9DA8-C858537AEE1C}.Debug|x86.Build.0 = Debug|Win32
		{DD8B103A-5583-452E-9DA8-C858537AEE1C}.Release|x64.ActiveCfg = Release|x64
		{DD8B103A-5583-452E-9DA8-C858537AEE1C}.Release|x64.Build.0 = Release|x64
		{DD8B103A-5583-452E-9DA8-C858537AEE1C}.Release|x86.ActiveCfg = Release|Win32
		{DD8B103A-5583-452E-9DA8-C858537AEE1C}.Release|x86.Build.0 = Release|Win32
		{7F125082-82C3-49F6-BCD2-B358B7324A2F}.Debug|x64.ActiveCfg = Debug|x64
		{7F125082-82C3-49F6-BCD2-B358B7324A2F}.Debug|x64.Build.0 = Debug|x64
		{7F125082-82C3-49F6-BCD2-B358B7324A2F}.Debug|x86.ActiveCfg = Debug|Win32
		{7F125082-82C3-49F6-BCD2-B358B7324A2F}.Debug|x86.Build.0 = Debug|Win32
		{7F125082-82C3-49F6-BCD2-B358B7324A2F}.Release|x64.ActiveCfg = Release|x64
		{7F125082-82C3-49F6-BCD2-B358B7324A2F}.Release|x64.Build.0 = Release|x64
		{7F125082-82C3-49F6-BCD2-B358B7324A2F}.Release|x86.ActiveCfg = Release|Win32
		{7F125082-82C3-49F6-BCD2-B358B7324A2F}.Release|x86.Build.0 = Release|Win32
		{12A0F647-A111-4055-947C-867FDBB88248}.Debug|x64.ActiveCfg = Debug|x64
		{12A0F647-A111-4055-947C-867FDBB88248}.Debug|x64.Build.0 = Debug|x64
		{12A0F647-A111-4055-947C-867FDBB88248}.Debug|x86.ActiveCfg = Debug|Win32
		{12A0F647-A111-4055-947C-867FDBB88248}.Debug|x86.Build.0 = Debug|Win32
		{12A0F647-A111-4055-947C-867FDBB88248}.Release|x64.ActiveCfg = Release|x64
		{12A0F647-A111-4055-947C-867FDBB88248}.Release|x64.Build.0 = Release|x64
		{12A0F647-A111-4055-947C-867FDBB88248}.Release|x86.ActiveCfg = Release|Win32
		{12A0F647-A111-4055-947C-867FDBB88248}.Release|x86.Build.0 = Release|Win32
		{3FE36765-D3F4-4D37-8637-33B16D64ABF8}.Debug|x64.ActiveCfg = Debug|x64
		{3FE36765-D3F4-4D37-8637-33B16D64ABF8}.Debug|x64.Build.0 = Debug|x64
		{3FE36765-D3F4-4D37-8637-33B16D64ABF8}.Debug|x86.ActiveCfg = Debug|Win32
		{3FE36765-D3F4-4D37-8637-33B16D64ABF8}.Debug|x86.Build.0 = Debug|Win32
		{3FE36765-D3F4-4D37-8637-33B16D64ABF8}.Release|x64.ActiveCfg = Release|x64
		{3FE36765-D3F4-4D37-8637-33B16D64ABF8}.Release|x64.Build.0 = Release|x64
		{3FE36765-D3F4-4D37-8637-33B16D64ABF8}.Release|x86.ActiveCfg = Release|Win32
		{3FE36765-D3F4-4D37-8637-33B16D64ABF8}.Release|x86.Build.0 = Release|Win32
		{9CE80AEC-CD55-482E-87AD-C19AA5F44077}.Debug|x64.ActiveCfg = Debug|x64
		{9CE80AEC-CD55-482E-87AD-C19AA5F44077}.Debug|x64.Build.0 = Debug|x64
		{9CE80AEC-CD55-482E-87AD-C19AA5F44077}.Debug|x86.ActiveCfg = Debug|Win32
		{9CE80AEC-CD55-482E-87AD-C19AA5F44077}.Debug|x86.Build.0 = Debug|Win32
		{9CE80AEC-CD55-482E-87AD-C19AA5F44077}.Release|x64.ActiveCfg = Release|x64
		{9CE80AEC-CD55-482E-87AD-C19AA5F44077}.Release|x64.Build.0 = Release|x64
		{9CE80AEC-CD55-482E-87AD-C19AA5F44077}.Release|x86.ActiveCfg = Release|Win32
		{9CE80AEC-CD55-482E-87AD-C19AA5F44077}.Release|x86.Build.0 = Release|Win32
		{E5BD5B99-82C4-4483-A7AD-CCBB59967DE4}.Debug|x64.ActiveCfg = Debug|x64
		{E5BD5B99-82C4-4483-A7AD-CCBB59967DE4}.Debug|x64.Build.0 = Debug|x64
		{E5BD5B99-82C4-4483-A7AD-CCBB59967DE4}.Debug|x86.ActiveCfg = Debug|Win32
		{E5BD5B99-82C4-4483-A7AD-CCBB59967DE4}.Debug|x86.Build.0 = Debug|Win32
		{E5BD5B99-82C4-4483-A7AD-CCBB59967DE4}.Release|x64.ActiveCfg = Release|x64
		{E5BD5B99-82C4-4483-A7AD-CCBB59967DE4}.Release|x64.Build.0 = Release|x64
		{E5BD5B99-82C4-4483-A7AD-CCBB59967DE4}.Release|x86.ActiveCfg = Release|Win32
		{E5BD5B99-82C4-4483-A7AD-CCBB59967DE4}.Release|x86.Build.0 = Release|Win32
		{57E99EE9-D76E-4481-9BAE-3D794F20389C}.Debug|x64.ActiveCfg = Debug|x64
		{57E99EE9-D76E-4481-9BAE-3D794F20389C}.Debug|x64.Build.0 = Debug|x64
		{57E99EE9-D76E-4481-9BAE-3D794F20389C}.Debug|x86.ActiveCfg = Debug|Win32
		{57E99EE9-D76E-4481-9BAE-3D794F20389C}.Debug|x86.Build.0 = Debug|Win32
		{57E99EE9-D76E-4481-9BAE-3D794F20389C}.Release|x64.ActiveCfg = Release|x64
		{57E99EE9-D76E-4481-9BAE-3D794F20389C}.Release|x64.Build.0 = Release|x64
		{57E99EE9-D76E-4481-9BAE-3D794F20389C}.Release|x86.ActiveCfg = Release|Win32
		{57E99EE9-D76E-4481-9BAE-3D794F20389C}.Release|x86.Build.0 = Release|Win32
		{9525AAA4-1583-40D3-8CCB-8E06B5A9A404}.Debug|x64.ActiveCfg = Debug|x64
		{9525AAA4-1583-40D3-8CCB-8E06B5A9A404}.Debug|x64.Build.0 = Debug|x64
		{9525AAA4-1583-40D3-8CCB-8E06B5A9A404}.Debug|x86.ActiveCfg = Debug|Win32
		{9525AAA4-1583-40D3-8CCB-8E06B5A9A404}.Debug|x86.Build.0 = Debug|Win32
		{9525AAA4-1583-40D3-8CCB-8E06B5A9A404}.Release|x64.ActiveCfg = Release|x64
		{9525AAA4-1583-40D3-8CCB-8E06B5A9A404}.Release|x64.Build.0 = Release|x64
		{9525AAA4-1583-40D3-8CCB-8E06B5A9A404}.Release|x86.ActiveCfg = Release|Win32
		{9525AAA4-1583-40D3-8CCB-8E06B5A9A404}.Release|x86.Build.0 = Release|Win32
		{DA20897A-5301-4F06-A551-5F92B91FAF3C}.Debug|x64.ActiveCfg = Debug|x64
		{DA20897A-5301-4F06-A551-5F92B91FAF3C}.Debug|x64.Build.0 = Debug|x64
		{DA20897A-5301-4F06-A551-5F92B91FAF3C}.Debug|x86.ActiveCfg = Debug|Win32
		{DA20897A-5301-4F06-A551-5F92B91FAF3C}.Debug|x86.Build.0 = Debug|Win32
		{DA20897A-5301-4F06-A551-5F92B91FAF3C}.Release|x64.ActiveCfg = Release|x64
		{DA20897A-5301-4F06-A551-5F92B91FAF3C}.Release|x64.Build.0 = Release|x64
		{DA20897A-5301-4F06-A551-5F92B91FAF3C}.Release|x86.ActiveCfg = Release|Win32
		{DA20897A-5301-4F06-A551-5F92B91FAF3C}.Release|x86.Build.0 = Release|Win32
		{F73C5FDF-31F5-48B7-AAFE-4268211AFFE9}.Debug|x64.ActiveCfg = Debug|x64
		{F73C5FDF-31F5-48B7-AAFE-4268211AFFE9}.Debug|x64.Build.0 = Debug|x64
		{F73C5FDF-31F5-48B7-AAFE-4268211AFFE9}.Debug|x86.ActiveCfg = Debug|Win32
		{F73C5FDF-31F5-48B7-AAFE-4268211AFFE9}.Debug|x86.Build.0 = Debug|Win32
		{F73C5FDF-31F5-48B7-AAFE-4268211AFFE9}.Release|x64.ActiveCfg = Release|x64
		{F73C5FDF-31F5-48B7-AAFE-4268211AFFE9}.Release|x64.Build.0 = Release|x64
		{F73C5FDF-31F5-48B7-AAFE-4268211AFFE9}.Release|x86.ActiveCfg = Release|Win32
		{F73C5FDF-31F5-48B7-AAFE-4268211AFFE9}.Release|x86.Build.0 = Release|Win32
		{217FBCEA-DBAC-4394-8FA9-BFCE0BC59031}.Debug|x64.ActiveCfg = Debug|x64
		{217FBCEA-DBAC-4394-8FA9-BFCE0BC59031}.Debug|x64.Build.0 = Debug|x64
		{217FBCEA-DBAC-4394-8FA9-BFCE0BC59031}.Debug|x86.ActiveCfg = Debug|Win32
		{217FBCEA-DBAC-4394-8FA9-BFCE0BC59031}.Debug|x86.Build.0 = Debug|Win32
		{217FBCEA-DBAC-4394-8FA9-BFCE0BC59031}.Release|x64.ActiveCfg = Release|x64
		{217FBCEA-DBAC-4394-8FA9-BFCE0BC59031}.Release|x64.Build.0 = Release|x64
		{217FBCEA-DBAC-4394-8FA9-BFCE0BC59031}.Release|x86.ActiveCfg = Release|Win32
		{217FBCEA-DBAC-4394-8FA9-BFCE0BC59031}.Release|x86.Build.0 = Release|Win32
		{DCEF4CFA-5A0B-437D-BCE2-17502019A2FC}.Debug|x64.ActiveCfg = Debug|x64
		{DCEF4CFA-5A0B-437D-BCE2-17502019A2FC}.Debug|x64.Build.0 = Debug|x64
		{DCEF4CFA-5A0B-437D-BCE2-17502019A2FC}.Debug|x86.ActiveCfg = Debug|Win32
		{DCEF4CFA-5A0B-437D-BCE2-17502019A2FC}.Debug|x86.Build.0 = Debug|Win32
		{DCEF4CFA-5A0B-437D-BCE2-17502019A2FC}.Release|x64.ActiveCfg = Release|x64
		{DCEF4CFA-5A0B-437D-BCE2-17502019A2FC}.Release|x64.Build.0 = Release|x64
		{DCEF4CFA-5A0B-437D-BCE2-17502019A2FC}.Release|x86.ActiveCfg = Release|Win32
		{DCEF4CFA-5A0B-437D-BCE2-17502019A2FC}.Release|x86.Build.0 = Release|Win32
		{7DA54DFA-014E-4B12-8DED-C1F28E649154}.Debug|x64.ActiveCfg = Debug|x64
		{7DA54DFA-014E-4B12-8DED-C1F28E649154}.Debug|x64.Build.0 = Debug|x64
		{7DA54DFA-014E-4B12-8DED-C1F28E649154}.Debug|x86.ActiveCfg = Debug|Win32
		{7DA54DFA-014E-4B12-8DED-C1F28E649154}.Debug|x86.Build.0 = Debug|Win32
		{7DA54DFA-014E-4B12-8DED-C1F28E649154}.Release|x64.ActiveCfg = Release|x64
		{7DA54DFA-014E-4B12-8DED-C1F28E649154}.Release|x64.Build.0 = Release|x64
		{7DA54DFA-014E-4B12-8DED-C1F28E649154}.Release|x86.ActiveCfg = Release|Win32
		{7DA54DFA-014E-4B12-8DED-C1F28E649154}.Release|x86.Build.0 = Release|Win32
		{EC36EDE0-6098-44F6-ACD9-EB85481CCD4F}.Debug|x64.ActiveCfg = Debug|x64
		{EC36EDE0-6098-44F6-ACD9-EB85481CCD4F}.Debug|x64.Build.0 = Debug|x64
		{EC36EDE0-6098-44F6-ACD9-EB85481CCD4F}.Debug|x86.ActiveCfg = Debug|Win32
		{EC36EDE0-6098-44F6-ACD9-EB85481CCD4F}.Debug|x86.Build.0 = Debug|Win32
		{EC36EDE0-6098-44F6-ACD9-EB85481CCD4F}.Release|x64.ActiveCfg = Release|x64
		{EC36EDE0-6098-44F6-ACD9-EB85481CCD4F}.Release|x64.Build.0 = Release|x64
		{EC36EDE0-6098-44F6-ACD9-EB85481CCD4F}.Release|x86.ActiveCfg = Release|Win32
		{EC36EDE0-6098-44F6-ACD9-EB85481CCD4F}.Release|x86.Build.0 = Release|Win32
		{2686A9A9-502F-4E6A-96D9-C6C196D7822E}.Debug|x64.ActiveCfg = Debug|x64
		{2686A9A9-502F-4E6A-96D9-C6C196D7822E}.Debug|x64.Build.0 = Debug|x64
		{2686A9A9-502F-4E6A-96D9-C6C196D7822E}.Debug|x86.ActiveCfg = Debug|Win32
		{2686A9A9-502F-4E6A-96D9-C6C196D7822E}.Debug|x86.Build.0 = Debug|Win32
		{2686A9A9-502F-4E6A-96D9-C6C196D7822E}.Release|x64.ActiveCfg = Release|x64
		{2686A9A9-502F-4E6A-96D9-C6C196D7822E}.Release|x64.Build.0 = Release|x64
		{2686A9A9-502F-4E6A-96D9-C6C196D7822E}.Release|x86.ActiveCfg = Release|Win32
		{2686A9A9-502F-4E6A-96D9-C6C196D7822E}.Release|x86.Build.0 = Release|Win32
		{F3BFB40C-58BD-4ED9-9048-690632472DD3}.Debug|x64.ActiveCfg = Debug|x64
		{F3BFB40C-58BD-4ED9-9048-690632472DD3}.Debug|x64.Build.0 = Debug|x64
		{F3BFB40C-58BD-4ED9-9048-690632472DD3}.Debug|x86.ActiveCfg = Debug|Win32
		{F3BFB40C-58BD-4ED9-9048-690632472DD3}.Debug|x86.Build.0 = Debug|Win32
		{F3BFB40C-58BD-4ED9-9048-690632472DD3}.Release|x64.ActiveCfg = Release|x64
		{F3BFB40C-58BD-4ED9-9048-690632472DD3}.Release|x64.Build.0 = Release|x64
		{F3BFB40C-58BD-4ED9-9048-690632472DD3}.Release|x86.ActiveCfg = Release|Win32
		{F3BFB40C-58BD-4ED9-9048-690632472DD3}.Release|x86.Build.0 = Release|Win32
		{1817DF18-1C48-4171-904C-72DA851E4CF0}.Debug|x64.ActiveCfg = Debug|x64
		{1817DF18-1C48-4171-904C-72DA851E4CF0}.Debug|x64.Build.0 = Debug|x64
		{1817DF18-1C48-4171-904C-72DA851E4CF0}.Debug|x86.ActiveCfg = Debug|Win32
		{1817DF18-1C48-4171-904C-72DA851E4CF0}.Debug|x86.Build.0 = Debug|Win32
		{1817DF18-1C48-4171-904C-72DA851E4CF0}.Release|x64.ActiveCfg = Release|x64
		{1817DF18-1C48-4171-904C-72DA851E4CF0}.Release|x64.Build.0 = Release|x64
		{1817DF18-1C48-4171-904C-72DA851E4CF0}.Release|x86.ActiveCfg = Release|Win32
		{1817DF18-1C48-4171-904C-72DA851E4CF0}.Release|x86.Build.0 = Release|Win32
		{2E161C8F-72A8-46E7-932A-56C67D3E0271}.Debug|x64.ActiveCfg = Debug|x64
		{2E161C8F-72A8-46E7-932A-56C67D3E0271}.Debug|x64.Build.0 = Debug|x64
		{2E161C8F-72A8-46E7-932A-56C67D3E0271}.Debug|x86.ActiveCfg = Debug|Win32
		{2E161C8F-72A8-46E7-932A-56C67D3E0271}.Debug|x86.Build.0 = Debug|Win32
		{2E161C8F-72A8-46E7-932A-56C67D3E0271}.Release|x64.ActiveCfg = Release|x64
		{2E161C8F-72A8-46E7-932A-56C67D3E0271}.Release|x64.Build.0 = Release|x64
		{2E161C8F-72A8-46E7-932A-56C67D3E0271}.Release|x86.ActiveCfg = Release|Win32
		{2E161C8F-72A8-46E7-932A-56C67D3E0271}.Release|x86.Build.0 = Release|Win32
		{1B17A30A-985C-4A76-BD43-2A01BB1AA4D0}.Debug|x64.ActiveCfg = Debug|x64
		{1B17A30A-985C-4A76-BD43-2A01BB1AA4D0}.Debug|x64.Build.0 = Debug|x64
		{1B17A30A-985C-4A76-BD43-2A01BB1AA4D0}.Debug|x86.ActiveCfg = Debug|Win32
		{1B17A30A-985C-4A76-BD43-2A01BB1AA4D0}.Debug|x86.Build.0 = Debug|Win32
		{1B17A30A-985C-4A76-BD43-2A01BB1AA4D0}.Release|x64.ActiveCfg = Release|x64
		{1B17A30A-985C-4A76-BD43-2A01BB1AA4D0}.Release|x64.Build.0 = Release|x64
		{1B17A30A-985C-4A76-BD43-2A01BB1AA4D0}.Release|x86.ActiveCfg = Release|Win32
		{1B17A30A-985C-4A76-BD43-2A01BB1AA4D0}.Release|x86.Build.0 = Release|Win32
		{CBE2EB4F-9E5E-4E31-90D9-FBB4F764CBF1}.Debug|x64.ActiveCfg = Debug|x64
		{CBE2EB4F-9E5E-4E31-90D9-FBB4F764CBF1}.Debug|x64.Build.0 = Debug|x64
		{CBE2EB4F-9E5E-4E31-90D9-FBB4F764CBF1}.Debug|x86.ActiveCfg = Debug|Win32
		{CBE2EB4F-9E5E-4E31-90D9-FBB4F764CBF1}.Debug|x86.Build.0 = Debug|Win32
		{CBE2EB4F-9E5E-4E31-90D9-FBB4F764CBF1}.Release|x64.ActiveCfg = Release|x64
		{CBE2EB4F-9E5E-4E31-90D9-FBB4F764CBF1}.Release|x64.Build.0 = Release|x64
		{CBE2EB4F-9E5E-4E31-90D9-FBB4F764CBF1}.Release|x86.ActiveCfg = Release|Win32
		{CBE2EB4F-9E5E-4E31-90D9-FBB4F764CBF1}.Release|x86.Build.0 = Release|Win32
		{886E4219-4709-4B2C-B52C-55FD605B9FE9}.Debug|x64.ActiveCfg = Debug|x64
		{886E4219-4709-4B2C-B52C-55FD605B9FE9}.Debug|x64.Build.0 = Debug|x64
		{886E4219-4709-4B2C-B52C-55FD605B9FE9}.Debug|x86.ActiveCfg = Debug|Win32
		{886E4219-4709-4B2C-B52C-55FD605B9FE9}.Debug|x86.Build.0 = Debug|Win32
		{886E4219-4709-4B2C-B52C-55FD605B9FE9}.Release|x64.ActiveCfg = Release|x64
		{886E4219-4709-4B2C-B52C-55FD605B9FE9}.Release|x64.Build.0 = Release|x64
		{886E4219-4709-4B2C-B52C-55FD605B9FE9}.Release|x86.ActiveCfg = Release|Win32
		{886E4219-4709-4B2C-B52C-55FD605B9FE9}.Release|x86.Build.0 = Release|Win32
		{0B35F25E-1C6E-4DC2-A116-D9A123EBC788}.Debug|x64.ActiveCfg = Debug|x64
		{0B35F25E-1C6E-4DC2-A116-D9A123EBC788}.Debug|x64.Build.0 = Debug|x64
		{0B35F25E-1C6E-4DC2-A116-D9A123EBC788}.Debug|x86.ActiveCfg = Debug|Win32
		{0B35F25E-1C6E-4DC2-A116-D9A123EBC788}.Debug|x86.Build.0 = Debug|Win32
		{0B35F25E-1C6E-4DC2-A116-D9A123EBC788}.Release|x64.ActiveCfg = Release|x64
		{0B35F25E-1C6E-4DC2-A116-D9A123EBC788}.Release|x64.Build.0 = Release|x64
		{0B35F25E-1C6E-4DC2-A116-D9A123EBC788}.Release|x86.ActiveCfg = Release|Win32
		{0B35F25E-1C6E-4DC2-A116-D9A123EBC788}.Release|x86.Build.0 = Release|Win32
		{FB5C9A97-E7A7-4AA2-9F89-9D5929189E4D}.Debug|x64.ActiveCfg = Debug|x64
		{FB5C9A97-E7A7-4AA2-9F89-9D5929189E4D}.Debug|x64.Build.0 = Debug|x64
		{FB5C9A97-E7A7-4AA2-9F89-9D5929189E4D}.Debug|x86.ActiveCfg = Debug|Win32
		{FB5C9A97-E7A7-4AA2-9F89-9D5929189E4D}.Debug|x86.Build.0 = Debug|Win32
		{FB5C9A97-E7A7-4AA2-9F89-9D5929189E4D}.Release|x64.ActiveCfg = Release|x64
		{FB5C9A97-E7A7-4AA2-9F89-9D5929189E4D}.Release|x64.Build.0 = Release|x64
		{FB5C9A97-E7A7-4AA2-9F89-9D5929189E4D}.Release|x86.ActiveCfg = Release|Win32
		{FB5C9A97-E7A7-4AA2-9F89-9D5929189E4D}.Release|x86.Build.0 = Release|Win32
		{87266A8D-698F-41B5-A7E3-6E3351DF0B5C}.Debug|x64.ActiveCfg = Debug|x64
		{87266A8D-698F-41B5-A7E3-6E3351DF0B5C}.Debug|x64.Build.0 = Debug|x64
		{87266A8D-698F-41B5-A7E3-6E3351DF0B5C}.Debug|x86.ActiveCfg = Debug|Win32
		{87266A8D-698F-41B5-A7E3-6E3351DF0B5C}.Debug|x86.Build.0 = Debug|Win32
		{87266A8D-698F-41B5-A7E3-6E3351DF0B5C}.Release|x64.ActiveCfg = Release|x64
		{87266A8D-698F-41B5-A7E3-6E3351DF0B5C}.Release|x64.Build.0 = Release|x64
		{87266A8D-698F-41B5-A7E3-6E3351DF0B5C}.Release|x86.ActiveCfg = Release|Win32
		{87266A8D-698F-41B5-A7E3-6E3351DF0B5C}.Release|x86.Build.0 = Release|Win32
		{D4EF1128-0957-4191-8FFD-CE8CF78A36F1}.Debug|x64.ActiveCfg = Debug|x64
		{D4EF1128-0957-4191-8FFD-CE8CF78A36F1}.Debug|x64.Build.0 = Debug|x64
		{D4EF1128-0957-4191-8FFD-CE8CF78A36F1}.Debug|x86.ActiveCfg = Debug|Win32
		{D4EF1128-0957-4191-8FFD-CE8CF78A36F1}.Debug|x86.Build.0 = Debug|Win32
		{D4EF1128-0957-4191-8FFD-CE8CF78A36F1}.Release|x64.ActiveCfg = Release|x64
		{D4EF1128-0957-4191-8FFD-CE8CF78A36F1}.Release|x64.Build.0 = Release|x64
		{D4EF1128-0957-4191-8FFD-CE8CF78A36F1}.Release|x86.ActiveCfg = Release|Win32
		{D4EF1128-0957-4191-8FFD-CE8CF78A36F1}.Release|x86.Build.0 = Release|Win32
		{0E55BEA0-6146-4657-865F-99770F2C2522}.Debug|x64.ActiveCfg = Debug|x64
		{0E55BEA0-6146-4657-865F-99770F2C2522}.Debug|x64.Build.0 = Debug|x64
		{0E55BEA0-6146-4657-865F-99770F2C2522}.Debug|x86.ActiveCfg = Debug|Win32
		{0E55BEA0-6146-4657-865F-99770F2C2522}.Debug|x86.Build.0 = Debug|Win32
		{0E55BEA0-6146-4657-865F-99770F2C2522}.Release|x64.ActiveCfg = Release|x64
		{0E55BEA0-6146-4657-865F-99770F2C2522}.Release|x64.Build.0 = Release|x64
		{0E55BEA0-6146-4657-865F-99770F2C2522}.Release|x86.ActiveCfg = Release|Win32
		{0E55BEA0-6146-4657-865F-99770F2C2522}.Release|x86.Build.0 = Release|Win32
	EndGlobalSection
	GlobalSection(SolutionProperties) = preSolution
		HideSolutionNode = FALSE
	EndGlobalSection
	GlobalSection(ExtensibilityGlobals) = postSolution
		SolutionGuid = {8B2A26E9-D626-4DA3-B90D-82B63DA7D9F5}
	EndGlobalSection
EndGlobal
